// !$*UTF8*$!
{
	archiveVersion = 1;
	classes = {
	};
	objectVersion = 46;
	objects = {

/* Begin PBXBuildFile section */
		83CBD4C31938ECB30075C1DE /* Cocoa.framework in Frameworks */ = {isa = PBXBuildFile; fileRef = 83CBD4C21938ECB30075C1DE /* Cocoa.framework */; };
		83CBD4CD1938ECB30075C1DE /* InfoPlist.strings in Resources */ = {isa = PBXBuildFile; fileRef = 83CBD4CB1938ECB30075C1DE /* InfoPlist.strings */; };
		83CBD4CF1938ECB30075C1DE /* main.m in Sources */ = {isa = PBXBuildFile; fileRef = 83CBD4CE1938ECB30075C1DE /* main.m */; };
		83CBD4D31938ECB30075C1DE /* Credits.rtf in Resources */ = {isa = PBXBuildFile; fileRef = 83CBD4D11938ECB30075C1DE /* Credits.rtf */; };
		83CBD4D61938ECB30075C1DE /* LVFAppDelegate.m in Sources */ = {isa = PBXBuildFile; fileRef = 83CBD4D51938ECB30075C1DE /* LVFAppDelegate.m */; };
		83CBD4D91938ECB30075C1DE /* MainMenu.xib in Resources */ = {isa = PBXBuildFile; fileRef = 83CBD4D71938ECB30075C1DE /* MainMenu.xib */; };
		83CBD4DB1938ECB30075C1DE /* Images.xcassets in Resources */ = {isa = PBXBuildFile; fileRef = 83CBD4DA1938ECB30075C1DE /* Images.xcassets */; };
		83CBD4E21938ECB30075C1DE /* XCTest.framework in Frameworks */ = {isa = PBXBuildFile; fileRef = 83CBD4E11938ECB30075C1DE /* XCTest.framework */; };
		83CBD4E31938ECB30075C1DE /* Cocoa.framework in Frameworks */ = {isa = PBXBuildFile; fileRef = 83CBD4C21938ECB30075C1DE /* Cocoa.framework */; };
		83CBD4EB1938ECB40075C1DE /* InfoPlist.strings in Resources */ = {isa = PBXBuildFile; fileRef = 83CBD4E91938ECB40075C1DE /* InfoPlist.strings */; };
		83CBD4ED1938ECB40075C1DE /* GameQ_LauncherTests.m in Sources */ = {isa = PBXBuildFile; fileRef = 83CBD4EC1938ECB40075C1DE /* GameQ_LauncherTests.m */; };
/* End PBXBuildFile section */

/* Begin PBXContainerItemProxy section */
		83CBD4E41938ECB40075C1DE /* PBXContainerItemProxy */ = {
			isa = PBXContainerItemProxy;
			containerPortal = 83CBD4B71938ECB30075C1DE /* Project object */;
			proxyType = 1;
			remoteGlobalIDString = 83CBD4BE1938ECB30075C1DE;
			remoteInfo = "GameQ-Launcher";
		};
/* End PBXContainerItemProxy section */

/* Begin PBXFileReference section */
		83CBD4BF1938ECB30075C1DE /* GameQ-Launcher.app */ = {isa = PBXFileReference; explicitFileType = wrapper.application; includeInIndex = 0; path = "GameQ-Launcher.app"; sourceTree = BUILT_PRODUCTS_DIR; };
		83CBD4C21938ECB30075C1DE /* Cocoa.framework */ = {isa = PBXFileReference; lastKnownFileType = wrapper.framework; name = Cocoa.framework; path = System/Library/Frameworks/Cocoa.framework; sourceTree = SDKROOT; };
		83CBD4C51938ECB30075C1DE /* AppKit.framework */ = {isa = PBXFileReference; lastKnownFileType = wrapper.framework; name = AppKit.framework; path = System/Library/Frameworks/AppKit.framework; sourceTree = SDKROOT; };
		83CBD4C61938ECB30075C1DE /* CoreData.framework */ = {isa = PBXFileReference; lastKnownFileType = wrapper.framework; name = CoreData.framework; path = System/Library/Frameworks/CoreData.framework; sourceTree = SDKROOT; };
		83CBD4C71938ECB30075C1DE /* Foundation.framework */ = {isa = PBXFileReference; lastKnownFileType = wrapper.framework; name = Foundation.framework; path = System/Library/Frameworks/Foundation.framework; sourceTree = SDKROOT; };
		83CBD4CA1938ECB30075C1DE /* GameQ-Launcher-Info.plist */ = {isa = PBXFileReference; lastKnownFileType = text.plist.xml; path = "GameQ-Launcher-Info.plist"; sourceTree = "<group>"; };
		83CBD4CC1938ECB30075C1DE /* en */ = {isa = PBXFileReference; lastKnownFileType = text.plist.strings; name = en; path = en.lproj/InfoPlist.strings; sourceTree = "<group>"; };
		83CBD4CE1938ECB30075C1DE /* main.m */ = {isa = PBXFileReference; lastKnownFileType = sourcecode.c.objc; path = main.m; sourceTree = "<group>"; };
		83CBD4D01938ECB30075C1DE /* GameQ-Launcher-Prefix.pch */ = {isa = PBXFileReference; lastKnownFileType = sourcecode.c.h; path = "GameQ-Launcher-Prefix.pch"; sourceTree = "<group>"; };
		83CBD4D21938ECB30075C1DE /* en */ = {isa = PBXFileReference; lastKnownFileType = text.rtf; name = en; path = en.lproj/Credits.rtf; sourceTree = "<group>"; };
		83CBD4D41938ECB30075C1DE /* LVFAppDelegate.h */ = {isa = PBXFileReference; lastKnownFileType = sourcecode.c.h; path = LVFAppDelegate.h; sourceTree = "<group>"; };
		83CBD4D51938ECB30075C1DE /* LVFAppDelegate.m */ = {isa = PBXFileReference; lastKnownFileType = sourcecode.c.objc; path = LVFAppDelegate.m; sourceTree = "<group>"; };
		83CBD4D81938ECB30075C1DE /* Base */ = {isa = PBXFileReference; lastKnownFileType = file.xib; name = Base; path = Base.lproj/MainMenu.xib; sourceTree = "<group>"; };
		83CBD4DA1938ECB30075C1DE /* Images.xcassets */ = {isa = PBXFileReference; lastKnownFileType = folder.assetcatalog; path = Images.xcassets; sourceTree = "<group>"; };
		83CBD4E01938ECB30075C1DE /* GameQ-LauncherTests.xctest */ = {isa = PBXFileReference; explicitFileType = wrapper.cfbundle; includeInIndex = 0; path = "GameQ-LauncherTests.xctest"; sourceTree = BUILT_PRODUCTS_DIR; };
		83CBD4E11938ECB30075C1DE /* XCTest.framework */ = {isa = PBXFileReference; lastKnownFileType = wrapper.framework; name = XCTest.framework; path = Library/Frameworks/XCTest.framework; sourceTree = DEVELOPER_DIR; };
		83CBD4E81938ECB40075C1DE /* GameQ-LauncherTests-Info.plist */ = {isa = PBXFileReference; lastKnownFileType = text.plist.xml; path = "GameQ-LauncherTests-Info.plist"; sourceTree = "<group>"; };
		83CBD4EA1938ECB40075C1DE /* en */ = {isa = PBXFileReference; lastKnownFileType = text.plist.strings; name = en; path = en.lproj/InfoPlist.strings; sourceTree = "<group>"; };
		83CBD4EC1938ECB40075C1DE /* GameQ_LauncherTests.m */ = {isa = PBXFileReference; lastKnownFileType = sourcecode.c.objc; path = GameQ_LauncherTests.m; sourceTree = "<group>"; };
/* End PBXFileReference section */

/* Begin PBXFrameworksBuildPhase section */
		83CBD4BC1938ECB30075C1DE /* Frameworks */ = {
			isa = PBXFrameworksBuildPhase;
			buildActionMask = 2147483647;
			files = (
				83CBD4C31938ECB30075C1DE /* Cocoa.framework in Frameworks */,
			);
			runOnlyForDeploymentPostprocessing = 0;
		};
		83CBD4DD1938ECB30075C1DE /* Frameworks */ = {
			isa = PBXFrameworksBuildPhase;
			buildActionMask = 2147483647;
			files = (
				83CBD4E31938ECB30075C1DE /* Cocoa.framework in Frameworks */,
				83CBD4E21938ECB30075C1DE /* XCTest.framework in Frameworks */,
			);
			runOnlyForDeploymentPostprocessing = 0;
		};
/* End PBXFrameworksBuildPhase section */

/* Begin PBXGroup section */
		83CBD4B61938ECB30075C1DE = {
			isa = PBXGroup;
			children = (
				83CBD4C81938ECB30075C1DE /* GameQ-Launcher */,
				83CBD4E61938ECB40075C1DE /* GameQ-LauncherTests */,
				83CBD4C11938ECB30075C1DE /* Frameworks */,
				83CBD4C01938ECB30075C1DE /* Products */,
			);
			sourceTree = "<group>";
		};
		83CBD4C01938ECB30075C1DE /* Products */ = {
			isa = PBXGroup;
			children = (
				83CBD4BF1938ECB30075C1DE /* GameQ-Launcher.app */,
				83CBD4E01938ECB30075C1DE /* GameQ-LauncherTests.xctest */,
			);
			name = Products;
			sourceTree = "<group>";
		};
		83CBD4C11938ECB30075C1DE /* Frameworks */ = {
			isa = PBXGroup;
			children = (
				83CBD4C21938ECB30075C1DE /* Cocoa.framework */,
				83CBD4E11938ECB30075C1DE /* XCTest.framework */,
				83CBD4C41938ECB30075C1DE /* Other Frameworks */,
			);
			name = Frameworks;
			sourceTree = "<group>";
		};
		83CBD4C41938ECB30075C1DE /* Other Frameworks */ = {
			isa = PBXGroup;
			children = (
				83CBD4C51938ECB30075C1DE /* AppKit.framework */,
				83CBD4C61938ECB30075C1DE /* CoreData.framework */,
				83CBD4C71938ECB30075C1DE /* Foundation.framework */,
			);
			name = "Other Frameworks";
			sourceTree = "<group>";
		};
		83CBD4C81938ECB30075C1DE /* GameQ-Launcher */ = {
			isa = PBXGroup;
			children = (
				83CBD4D41938ECB30075C1DE /* LVFAppDelegate.h */,
				83CBD4D51938ECB30075C1DE /* LVFAppDelegate.m */,
				83CBD4D71938ECB30075C1DE /* MainMenu.xib */,
				83CBD4DA1938ECB30075C1DE /* Images.xcassets */,
				83CBD4C91938ECB30075C1DE /* Supporting Files */,
			);
			path = "GameQ-Launcher";
			sourceTree = "<group>";
		};
		83CBD4C91938ECB30075C1DE /* Supporting Files */ = {
			isa = PBXGroup;
			children = (
				83CBD4CA1938ECB30075C1DE /* GameQ-Launcher-Info.plist */,
				83CBD4CB1938ECB30075C1DE /* InfoPlist.strings */,
				83CBD4CE1938ECB30075C1DE /* main.m */,
				83CBD4D01938ECB30075C1DE /* GameQ-Launcher-Prefix.pch */,
				83CBD4D11938ECB30075C1DE /* Credits.rtf */,
			);
			name = "Supporting Files";
			sourceTree = "<group>";
		};
		83CBD4E61938ECB40075C1DE /* GameQ-LauncherTests */ = {
			isa = PBXGroup;
			children = (
				83CBD4EC1938ECB40075C1DE /* GameQ_LauncherTests.m */,
				83CBD4E71938ECB40075C1DE /* Supporting Files */,
			);
			path = "GameQ-LauncherTests";
			sourceTree = "<group>";
		};
		83CBD4E71938ECB40075C1DE /* Supporting Files */ = {
			isa = PBXGroup;
			children = (
				83CBD4E81938ECB40075C1DE /* GameQ-LauncherTests-Info.plist */,
				83CBD4E91938ECB40075C1DE /* InfoPlist.strings */,
			);
			name = "Supporting Files";
			sourceTree = "<group>";
		};
/* End PBXGroup section */

/* Begin PBXNativeTarget section */
		83CBD4BE1938ECB30075C1DE /* GameQ-Launcher */ = {
			isa = PBXNativeTarget;
			buildConfigurationList = 83CBD4F01938ECB40075C1DE /* Build configuration list for PBXNativeTarget "GameQ-Launcher" */;
			buildPhases = (
				83CBD4BB1938ECB30075C1DE /* Sources */,
				83CBD4BC1938ECB30075C1DE /* Frameworks */,
				83CBD4BD1938ECB30075C1DE /* Resources */,
			);
			buildRules = (
			);
			dependencies = (
			);
			name = "GameQ-Launcher";
			productName = "GameQ-Launcher";
			productReference = 83CBD4BF1938ECB30075C1DE /* GameQ-Launcher.app */;
			productType = "com.apple.product-type.application";
		};
		83CBD4DF1938ECB30075C1DE /* GameQ-LauncherTests */ = {
			isa = PBXNativeTarget;
			buildConfigurationList = 83CBD4F31938ECB40075C1DE /* Build configuration list for PBXNativeTarget "GameQ-LauncherTests" */;
			buildPhases = (
				83CBD4DC1938ECB30075C1DE /* Sources */,
				83CBD4DD1938ECB30075C1DE /* Frameworks */,
				83CBD4DE1938ECB30075C1DE /* Resources */,
			);
			buildRules = (
			);
			dependencies = (
				83CBD4E51938ECB40075C1DE /* PBXTargetDependency */,
			);
			name = "GameQ-LauncherTests";
			productName = "GameQ-LauncherTests";
			productReference = 83CBD4E01938ECB30075C1DE /* GameQ-LauncherTests.xctest */;
			productType = "com.apple.product-type.bundle.unit-test";
		};
/* End PBXNativeTarget section */

/* Begin PBXProject section */
		83CBD4B71938ECB30075C1DE /* Project object */ = {
			isa = PBXProject;
			attributes = {
				CLASSPREFIX = LVF;
				LastUpgradeCheck = 0510;
				ORGANIZATIONNAME = "Ludvig Fröberg";
				TargetAttributes = {
					83CBD4BE1938ECB30075C1DE = {
						DevelopmentTeam = NZ5DEAP476;
					};
					83CBD4DF1938ECB30075C1DE = {
						TestTargetID = 83CBD4BE1938ECB30075C1DE;
					};
				};
			};
			buildConfigurationList = 83CBD4BA1938ECB30075C1DE /* Build configuration list for PBXProject "GameQ-Launcher" */;
			compatibilityVersion = "Xcode 3.2";
			developmentRegion = English;
			hasScannedForEncodings = 0;
			knownRegions = (
				en,
				Base,
			);
			mainGroup = 83CBD4B61938ECB30075C1DE;
			productRefGroup = 83CBD4C01938ECB30075C1DE /* Products */;
			projectDirPath = "";
			projectRoot = "";
			targets = (
				83CBD4BE1938ECB30075C1DE /* GameQ-Launcher */,
				83CBD4DF1938ECB30075C1DE /* GameQ-LauncherTests */,
			);
		};
/* End PBXProject section */

/* Begin PBXResourcesBuildPhase section */
		83CBD4BD1938ECB30075C1DE /* Resources */ = {
			isa = PBXResourcesBuildPhase;
			buildActionMask = 2147483647;
			files = (
				83CBD4CD1938ECB30075C1DE /* InfoPlist.strings in Resources */,
				83CBD4DB1938ECB30075C1DE /* Images.xcassets in Resources */,
				83CBD4D31938ECB30075C1DE /* Credits.rtf in Resources */,
				83CBD4D91938ECB30075C1DE /* MainMenu.xib in Resources */,
			);
			runOnlyForDeploymentPostprocessing = 0;
		};
		83CBD4DE1938ECB30075C1DE /* Resources */ = {
			isa = PBXResourcesBuildPhase;
			buildActionMask = 2147483647;
			files = (
				83CBD4EB1938ECB40075C1DE /* InfoPlist.strings in Resources */,
			);
			runOnlyForDeploymentPostprocessing = 0;
		};
/* End PBXResourcesBuildPhase section */

/* Begin PBXSourcesBuildPhase section */
		83CBD4BB1938ECB30075C1DE /* Sources */ = {
			isa = PBXSourcesBuildPhase;
			buildActionMask = 2147483647;
			files = (
				83CBD4CF1938ECB30075C1DE /* main.m in Sources */,
				83CBD4D61938ECB30075C1DE /* LVFAppDelegate.m in Sources */,
			);
			runOnlyForDeploymentPostprocessing = 0;
		};
		83CBD4DC1938ECB30075C1DE /* Sources */ = {
			isa = PBXSourcesBuildPhase;
			buildActionMask = 2147483647;
			files = (
				83CBD4ED1938ECB40075C1DE /* GameQ_LauncherTests.m in Sources */,
			);
			runOnlyForDeploymentPostprocessing = 0;
		};
/* End PBXSourcesBuildPhase section */

/* Begin PBXTargetDependency section */
		83CBD4E51938ECB40075C1DE /* PBXTargetDependency */ = {
			isa = PBXTargetDependency;
			target = 83CBD4BE1938ECB30075C1DE /* GameQ-Launcher */;
			targetProxy = 83CBD4E41938ECB40075C1DE /* PBXContainerItemProxy */;
		};
/* End PBXTargetDependency section */

/* Begin PBXVariantGroup section */
		83CBD4CB1938ECB30075C1DE /* InfoPlist.strings */ = {
			isa = PBXVariantGroup;
			children = (
				83CBD4CC1938ECB30075C1DE /* en */,
			);
			name = InfoPlist.strings;
			sourceTree = "<group>";
		};
		83CBD4D11938ECB30075C1DE /* Credits.rtf */ = {
			isa = PBXVariantGroup;
			children = (
				83CBD4D21938ECB30075C1DE /* en */,
			);
			name = Credits.rtf;
			sourceTree = "<group>";
		};
		83CBD4D71938ECB30075C1DE /* MainMenu.xib */ = {
			isa = PBXVariantGroup;
			children = (
				83CBD4D81938ECB30075C1DE /* Base */,
			);
			name = MainMenu.xib;
			sourceTree = "<group>";
		};
		83CBD4E91938ECB40075C1DE /* InfoPlist.strings */ = {
			isa = PBXVariantGroup;
			children = (
				83CBD4EA1938ECB40075C1DE /* en */,
			);
			name = InfoPlist.strings;
			sourceTree = "<group>";
		};
/* End PBXVariantGroup section */

/* Begin XCBuildConfiguration section */
		83CBD4EE1938ECB40075C1DE /* Debug */ = {
			isa = XCBuildConfiguration;
			buildSettings = {
				ALWAYS_SEARCH_USER_PATHS = NO;
				CLANG_CXX_LANGUAGE_STANDARD = "gnu++0x";
				CLANG_CXX_LIBRARY = "libc++";
				CLANG_ENABLE_MODULES = YES;
				CLANG_ENABLE_OBJC_ARC = YES;
				CLANG_WARN_BOOL_CONVERSION = YES;
				CLANG_WARN_CONSTANT_CONVERSION = YES;
				CLANG_WARN_DIRECT_OBJC_ISA_USAGE = YES_ERROR;
				CLANG_WARN_EMPTY_BODY = YES;
				CLANG_WARN_ENUM_CONVERSION = YES;
				CLANG_WARN_INT_CONVERSION = YES;
				CLANG_WARN_OBJC_ROOT_CLASS = YES_ERROR;
				CLANG_WARN__DUPLICATE_METHOD_MATCH = YES;
				COPY_PHASE_STRIP = NO;
				GCC_C_LANGUAGE_STANDARD = gnu99;
				GCC_DYNAMIC_NO_PIC = NO;
				GCC_ENABLE_OBJC_EXCEPTIONS = YES;
				GCC_OPTIMIZATION_LEVEL = 0;
				GCC_PREPROCESSOR_DEFINITIONS = (
					"DEBUG=1",
					"$(inherited)",
				);
				GCC_SYMBOLS_PRIVATE_EXTERN = NO;
				GCC_WARN_64_TO_32_BIT_CONVERSION = YES;
				GCC_WARN_ABOUT_RETURN_TYPE = YES_ERROR;
				GCC_WARN_UNDECLARED_SELECTOR = YES;
				GCC_WARN_UNINITIALIZED_AUTOS = YES_AGGRESSIVE;
				GCC_WARN_UNUSED_FUNCTION = YES;
				GCC_WARN_UNUSED_VARIABLE = YES;
				MACOSX_DEPLOYMENT_TARGET = 10.9;
				ONLY_ACTIVE_ARCH = YES;
				SDKROOT = macosx;
			};
			name = Debug;
		};
		83CBD4EF1938ECB40075C1DE /* Release */ = {
			isa = XCBuildConfiguration;
			buildSettings = {
				ALWAYS_SEARCH_USER_PATHS = NO;
				CLANG_CXX_LANGUAGE_STANDARD = "gnu++0x";
				CLANG_CXX_LIBRARY = "libc++";
				CLANG_ENABLE_MODULES = YES;
				CLANG_ENABLE_OBJC_ARC = YES;
				CLANG_WARN_BOOL_CONVERSION = YES;
				CLANG_WARN_CONSTANT_CONVERSION = YES;
				CLANG_WARN_DIRECT_OBJC_ISA_USAGE = YES_ERROR;
				CLANG_WARN_EMPTY_BODY = YES;
				CLANG_WARN_ENUM_CONVERSION = YES;
				CLANG_WARN_INT_CONVERSION = YES;
				CLANG_WARN_OBJC_ROOT_CLASS = YES_ERROR;
				CLANG_WARN__DUPLICATE_METHOD_MATCH = YES;
				COPY_PHASE_STRIP = YES;
				DEBUG_INFORMATION_FORMAT = "dwarf-with-dsym";
				ENABLE_NS_ASSERTIONS = NO;
				GCC_C_LANGUAGE_STANDARD = gnu99;
				GCC_ENABLE_OBJC_EXCEPTIONS = YES;
				GCC_WARN_64_TO_32_BIT_CONVERSION = YES;
				GCC_WARN_ABOUT_RETURN_TYPE = YES_ERROR;
				GCC_WARN_UNDECLARED_SELECTOR = YES;
				GCC_WARN_UNINITIALIZED_AUTOS = YES_AGGRESSIVE;
				GCC_WARN_UNUSED_FUNCTION = YES;
				GCC_WARN_UNUSED_VARIABLE = YES;
				MACOSX_DEPLOYMENT_TARGET = 10.9;
				SDKROOT = macosx;
			};
			name = Release;
		};
		83CBD4F11938ECB40075C1DE /* Debug */ = {
			isa = XCBuildConfiguration;
			buildSettings = {
				ASSETCATALOG_COMPILER_APPICON_NAME = AppIcon;
				CODE_SIGN_IDENTITY = "Developer ID Application";
				COMBINE_HIDPI_IMAGES = YES;
				GCC_PRECOMPILE_PREFIX_HEADER = YES;
				GCC_PREFIX_HEADER = "GameQ-Launcher/GameQ-Launcher-Prefix.pch";
				INFOPLIST_FILE = "GameQ-Launcher/GameQ-Launcher-Info.plist";
				PRODUCT_NAME = "$(TARGET_NAME)";
				SKIP_INSTALL = YES;
				WRAPPER_EXTENSION = app;
			};
			name = Debug;
		};
		83CBD4F21938ECB40075C1DE /* Release */ = {
			isa = XCBuildConfiguration;
			buildSettings = {
				ASSETCATALOG_COMPILER_APPICON_NAME = AppIcon;
				CODE_SIGN_IDENTITY = "Developer ID Application";
				COMBINE_HIDPI_IMAGES = YES;
				GCC_PRECOMPILE_PREFIX_HEADER = YES;
				GCC_PREFIX_HEADER = "GameQ-Launcher/GameQ-Launcher-Prefix.pch";
				INFOPLIST_FILE = "GameQ-Launcher/GameQ-Launcher-Info.plist";
				PRODUCT_NAME = "$(TARGET_NAME)";
				SKIP_INSTALL = YES;
				WRAPPER_EXTENSION = app;
			};
			name = Release;
		};
		83CBD4F41938ECB40075C1DE /* Debug */ = {
			isa = XCBuildConfiguration;
			buildSettings = {
				BUNDLE_LOADER = "$(BUILT_PRODUCTS_DIR)/GameQ-Launcher.app/Contents/MacOS/GameQ-Launcher";
				COMBINE_HIDPI_IMAGES = YES;
				FRAMEWORK_SEARCH_PATHS = (
					"$(DEVELOPER_FRAMEWORKS_DIR)",
					"$(inherited)",
				);
				GCC_PRECOMPILE_PREFIX_HEADER = YES;
				GCC_PREFIX_HEADER = "GameQ-Launcher/GameQ-Launcher-Prefix.pch";
				GCC_PREPROCESSOR_DEFINITIONS = (
					"DEBUG=1",
					"$(inherited)",
				);
				INFOPLIST_FILE = "GameQ-LauncherTests/GameQ-LauncherTests-Info.plist";
				PRODUCT_NAME = "$(TARGET_NAME)";
				TEST_HOST = "$(BUNDLE_LOADER)";
				WRAPPER_EXTENSION = xctest;
			};
			name = Debug;
		};
		83CBD4F51938ECB40075C1DE /* Release */ = {
			isa = XCBuildConfiguration;
			buildSettings = {
				BUNDLE_LOADER = "$(BUILT_PRODUCTS_DIR)/GameQ-Launcher.app/Contents/MacOS/GameQ-Launcher";
				COMBINE_HIDPI_IMAGES = YES;
				FRAMEWORK_SEARCH_PATHS = (
					"$(DEVELOPER_FRAMEWORKS_DIR)",
					"$(inherited)",
				);
				GCC_PRECOMPILE_PREFIX_HEADER = YES;
				GCC_PREFIX_HEADER = "GameQ-Launcher/GameQ-Launcher-Prefix.pch";
				INFOPLIST_FILE = "GameQ-LauncherTests/GameQ-LauncherTests-Info.plist";
				PRODUCT_NAME = "$(TARGET_NAME)";
				TEST_HOST = "$(BUNDLE_LOADER)";
				WRAPPER_EXTENSION = xctest;
			};
			name = Release;
		};
/* End XCBuildConfiguration section */

/* Begin XCConfigurationList section */
		83CBD4BA1938ECB30075C1DE /* Build configuration list for PBXProject "GameQ-Launcher" */ = {
			isa = XCConfigurationList;
			buildConfigurations = (
				83CBD4EE1938ECB40075C1DE /* Debug */,
				83CBD4EF1938ECB40075C1DE /* Release */,
			);
			defaultConfigurationIsVisible = 0;
			defaultConfigurationName = Release;
		};
		83CBD4F01938ECB40075C1DE /* Build configuration list for PBXNativeTarget "GameQ-Launcher" */ = {
			isa = XCConfigurationList;
			buildConfigurations = (
				83CBD4F11938ECB40075C1DE /* Debug */,
				83CBD4F21938ECB40075C1DE /* Release */,
			);
			defaultConfigurationIsVisible = 0;
		};
		83CBD4F31938ECB40075C1DE /* Build configuration list for PBXNativeTarget "GameQ-LauncherTests" */ = {
			isa = XCConfigurationList;
			buildConfigurations = (
				83CBD4F41938ECB40075C1DE /* Debug */,
				83CBD4F51938ECB40075C1DE /* Release */,
			);
			defaultConfigurationIsVisible = 0;
		};
/* End XCConfigurationList section */
	};
	rootObject = 83CBD4B71938ECB30075C1DE /* Project object */;
}
