// !$*UTF8*$!
{
	archiveVersion = 1;
	classes = {
	};
	objectVersion = 46;
	objects = {

/* Begin PBXBuildFile section */
		8311E3F61848F4E20011212C /* LVFKeyChain.m in Sources */ = {isa = PBXBuildFile; fileRef = 8311E3F51848F4E20011212C /* LVFKeyChain.m */; };
		8311E3FE184927FA0011212C /* Security.framework in Frameworks */ = {isa = PBXBuildFile; fileRef = 8311E3FD184927FA0011212C /* Security.framework */; };
		8337A8B11949CEDE00D36057 /* CoreFoundation.framework in Frameworks */ = {isa = PBXBuildFile; fileRef = 8337A8B01949CEDE00D36057 /* CoreFoundation.framework */; };
		8337A8B31949CEE500D36057 /* IOKit.framework in Frameworks */ = {isa = PBXBuildFile; fileRef = 8337A8B21949CEE500D36057 /* IOKit.framework */; };
		833F06E018B678ED00C2B980 /* LVFWindowViewSubclass.m in Sources */ = {isa = PBXBuildFile; fileRef = 833F06DF18B678ED00C2B980 /* LVFWindowViewSubclass.m */; };
		836DA57318BAD24A007DBC1F /* Gray.png in Resources */ = {isa = PBXBuildFile; fileRef = 836DA57218BAD24A007DBC1F /* Gray.png */; };
		837423B11818B25D000FCC76 /* Cocoa.framework in Frameworks */ = {isa = PBXBuildFile; fileRef = 837423B01818B25D000FCC76 /* Cocoa.framework */; };
		837423BB1818B25D000FCC76 /* InfoPlist.strings in Resources */ = {isa = PBXBuildFile; fileRef = 837423B91818B25D000FCC76 /* InfoPlist.strings */; };
		837423BD1818B25D000FCC76 /* main.m in Sources */ = {isa = PBXBuildFile; fileRef = 837423BC1818B25D000FCC76 /* main.m */; };
		837423C11818B25D000FCC76 /* Credits.rtf in Resources */ = {isa = PBXBuildFile; fileRef = 837423BF1818B25D000FCC76 /* Credits.rtf */; };
		837423C41818B25D000FCC76 /* LVFAppDelegate.m in Sources */ = {isa = PBXBuildFile; fileRef = 837423C31818B25D000FCC76 /* LVFAppDelegate.m */; };
		837423C71818B25D000FCC76 /* MainMenu.xib in Resources */ = {isa = PBXBuildFile; fileRef = 837423C51818B25D000FCC76 /* MainMenu.xib */; };
		837423CA1818B25D000FCC76 /* GameQ-Stationary.xcdatamodeld in Sources */ = {isa = PBXBuildFile; fileRef = 837423C81818B25D000FCC76 /* GameQ-Stationary.xcdatamodeld */; };
		837423CC1818B25D000FCC76 /* Images.xcassets in Resources */ = {isa = PBXBuildFile; fileRef = 837423CB1818B25D000FCC76 /* Images.xcassets */; };
		837423E81818B2CF000FCC76 /* libpcap.dylib in Frameworks */ = {isa = PBXBuildFile; fileRef = 837423E71818B2CF000FCC76 /* libpcap.dylib */; };
		837423F41818B30E000FCC76 /* NSString+SHA256.m in Sources */ = {isa = PBXBuildFile; fileRef = 837423EB1818B30E000FCC76 /* NSString+SHA256.m */; };
		837423F51818B30E000FCC76 /* LVFConnections.m in Sources */ = {isa = PBXBuildFile; fileRef = 837423ED1818B30E000FCC76 /* LVFConnections.m */; };
		837423F61818B30E000FCC76 /* LVFConnect.m in Sources */ = {isa = PBXBuildFile; fileRef = 837423EF1818B30E000FCC76 /* LVFConnect.m */; };
		837423F71818B30E000FCC76 /* LVFDataModel.m in Sources */ = {isa = PBXBuildFile; fileRef = 837423F11818B30E000FCC76 /* LVFDataModel.m */; };
		837423F81818B30E000FCC76 /* LVFDefinitions.m in Sources */ = {isa = PBXBuildFile; fileRef = 837423F31818B30E000FCC76 /* LVFDefinitions.m */; };
		83960C801933401700DD8818 /* Red.png in Resources */ = {isa = PBXBuildFile; fileRef = 83960C7F1933401700DD8818 /* Red.png */; };
		83960C821933401D00DD8818 /* HigherRed.png in Resources */ = {isa = PBXBuildFile; fileRef = 83960C811933401D00DD8818 /* HigherRed.png */; };
		83960C841933403C00DD8818 /* HighRed.png in Resources */ = {isa = PBXBuildFile; fileRef = 83960C831933403C00DD8818 /* HighRed.png */; };
		83CBD503193903F90075C1DE /* ServiceManagement.framework in Frameworks */ = {isa = PBXBuildFile; fileRef = 83CBD502193903F90075C1DE /* ServiceManagement.framework */; };
		83D074D3193B3FE20094DBC7 /* Qwhite@2x.png in Resources */ = {isa = PBXBuildFile; fileRef = 83D074D0193B3FE20094DBC7 /* Qwhite@2x.png */; };
		83D074D4193B3FE20094DBC7 /* Qblack@2x.png in Resources */ = {isa = PBXBuildFile; fileRef = 83D074D1193B3FE20094DBC7 /* Qblack@2x.png */; };
		83D074D5193B3FE20094DBC7 /* Qblue@2x.png in Resources */ = {isa = PBXBuildFile; fileRef = 83D074D2193B3FE20094DBC7 /* Qblue@2x.png */; };
		83E67FAD1935DF32004ACB33 /* Qwhite.png in Resources */ = {isa = PBXBuildFile; fileRef = 83E67FA91935DF32004ACB33 /* Qwhite.png */; };
		83E67FAE1935DF32004ACB33 /* Qblack.png in Resources */ = {isa = PBXBuildFile; fileRef = 83E67FAA1935DF32004ACB33 /* Qblack.png */; };
		83E67FAF1935DF32004ACB33 /* Qblue.png in Resources */ = {isa = PBXBuildFile; fileRef = 83E67FAB1935DF32004ACB33 /* Qblue.png */; };
		83EF17891888D0DF00057F36 /* LVFBuffer.m in Sources */ = {isa = PBXBuildFile; fileRef = 83EF17881888D0DF00057F36 /* LVFBuffer.m */; };
		83F27C2819CDA51A00A43F8F /* LVFCapObj.m in Sources */ = {isa = PBXBuildFile; fileRef = 83F27C2719CDA51A00A43F8F /* LVFCapObj.m */; };
		83F27C2B19CDACD900A43F8F /* LVFCompartment.m in Sources */ = {isa = PBXBuildFile; fileRef = 83F27C2A19CDACD900A43F8F /* LVFCompartment.m */; };
		83F27C2E19CDC43000A43F8F /* LVFState.m in Sources */ = {isa = PBXBuildFile; fileRef = 83F27C2D19CDC43000A43F8F /* LVFState.m */; };
		83F76CF119B4CC840023441F /* NotificationLogo.png in Resources */ = {isa = PBXBuildFile; fileRef = 83F76CEF19B4CC840023441F /* NotificationLogo.png */; };
		83F76CF219B4CC840023441F /* NotificationLogo@2x.png in Resources */ = {isa = PBXBuildFile; fileRef = 83F76CF019B4CC840023441F /* NotificationLogo@2x.png */; };
		9CE22807189B9FEF008C6DDB /* LVFWindowHandler.m in Sources */ = {isa = PBXBuildFile; fileRef = 9CE22806189B9FEF008C6DDB /* LVFWindowHandler.m */; };
		9CE2280A189BAAE4008C6DDB /* i6man.png in Resources */ = {isa = PBXBuildFile; fileRef = 9CE22808189BAAE4008C6DDB /* i6man.png */; };
		9CE2280B189BAAE4008C6DDB /* i6woman.png in Resources */ = {isa = PBXBuildFile; fileRef = 9CE22809189BAAE4008C6DDB /* i6woman.png */; };
		9CE2280E189BB2E6008C6DDB /* i5man.png in Resources */ = {isa = PBXBuildFile; fileRef = 9CE2280C189BB2E6008C6DDB /* i5man.png */; };
		9CE2280F189BB2E6008C6DDB /* i5woman.png in Resources */ = {isa = PBXBuildFile; fileRef = 9CE2280D189BB2E6008C6DDB /* i5woman.png */; };
		9CE22811189BEA15008C6DDB /* CoreGraphics.framework in Frameworks */ = {isa = PBXBuildFile; fileRef = 9CE22810189BEA15008C6DDB /* CoreGraphics.framework */; };
/* End PBXBuildFile section */

/* Begin PBXCopyFilesBuildPhase section */
		83CBD4FF1938ED070075C1DE /* CopyFiles */ = {
			isa = PBXCopyFilesBuildPhase;
			buildActionMask = 8;
			dstPath = "";
			dstSubfolderSpec = 0;
			files = (
			);
			runOnlyForDeploymentPostprocessing = 1;
		};
/* End PBXCopyFilesBuildPhase section */

/* Begin PBXFileReference section */
		8311E3F41848F4E20011212C /* LVFKeyChain.h */ = {isa = PBXFileReference; fileEncoding = 4; lastKnownFileType = sourcecode.c.h; path = LVFKeyChain.h; sourceTree = "<group>"; };
		8311E3F51848F4E20011212C /* LVFKeyChain.m */ = {isa = PBXFileReference; fileEncoding = 4; lastKnownFileType = sourcecode.c.objc; path = LVFKeyChain.m; sourceTree = "<group>"; };
		8311E3FD184927FA0011212C /* Security.framework */ = {isa = PBXFileReference; lastKnownFileType = wrapper.framework; name = Security.framework; path = System/Library/Frameworks/Security.framework; sourceTree = SDKROOT; };
		8337A8B01949CEDE00D36057 /* CoreFoundation.framework */ = {isa = PBXFileReference; lastKnownFileType = wrapper.framework; name = CoreFoundation.framework; path = System/Library/Frameworks/CoreFoundation.framework; sourceTree = SDKROOT; };
		8337A8B21949CEE500D36057 /* IOKit.framework */ = {isa = PBXFileReference; lastKnownFileType = wrapper.framework; name = IOKit.framework; path = System/Library/Frameworks/IOKit.framework; sourceTree = SDKROOT; };
		833F06DE18B678ED00C2B980 /* LVFWindowViewSubclass.h */ = {isa = PBXFileReference; fileEncoding = 4; lastKnownFileType = sourcecode.c.h; path = LVFWindowViewSubclass.h; sourceTree = "<group>"; };
		833F06DF18B678ED00C2B980 /* LVFWindowViewSubclass.m */ = {isa = PBXFileReference; fileEncoding = 4; lastKnownFileType = sourcecode.c.objc; path = LVFWindowViewSubclass.m; sourceTree = "<group>"; };
		836DA57218BAD24A007DBC1F /* Gray.png */ = {isa = PBXFileReference; lastKnownFileType = image.png; path = Gray.png; sourceTree = "<group>"; };
		837423AD1818B25D000FCC76 /* GameQ-Stationary.app */ = {isa = PBXFileReference; explicitFileType = wrapper.application; includeInIndex = 0; path = "GameQ-Stationary.app"; sourceTree = BUILT_PRODUCTS_DIR; };
		837423B01818B25D000FCC76 /* Cocoa.framework */ = {isa = PBXFileReference; lastKnownFileType = wrapper.framework; name = Cocoa.framework; path = System/Library/Frameworks/Cocoa.framework; sourceTree = SDKROOT; };
		837423B31818B25D000FCC76 /* AppKit.framework */ = {isa = PBXFileReference; lastKnownFileType = wrapper.framework; name = AppKit.framework; path = System/Library/Frameworks/AppKit.framework; sourceTree = SDKROOT; };
		837423B41818B25D000FCC76 /* CoreData.framework */ = {isa = PBXFileReference; lastKnownFileType = wrapper.framework; name = CoreData.framework; path = System/Library/Frameworks/CoreData.framework; sourceTree = SDKROOT; };
		837423B51818B25D000FCC76 /* Foundation.framework */ = {isa = PBXFileReference; lastKnownFileType = wrapper.framework; name = Foundation.framework; path = System/Library/Frameworks/Foundation.framework; sourceTree = SDKROOT; };
		837423B81818B25D000FCC76 /* GameQ-Stationary-Info.plist */ = {isa = PBXFileReference; lastKnownFileType = text.plist.xml; path = "GameQ-Stationary-Info.plist"; sourceTree = "<group>"; };
		837423BA1818B25D000FCC76 /* en */ = {isa = PBXFileReference; lastKnownFileType = text.plist.strings; name = en; path = en.lproj/InfoPlist.strings; sourceTree = "<group>"; };
		837423BC1818B25D000FCC76 /* main.m */ = {isa = PBXFileReference; lastKnownFileType = sourcecode.c.objc; path = main.m; sourceTree = "<group>"; };
		837423BE1818B25D000FCC76 /* GameQ-Stationary-Prefix.pch */ = {isa = PBXFileReference; lastKnownFileType = sourcecode.c.h; path = "GameQ-Stationary-Prefix.pch"; sourceTree = "<group>"; };
		837423C01818B25D000FCC76 /* en */ = {isa = PBXFileReference; lastKnownFileType = text.rtf; name = en; path = en.lproj/Credits.rtf; sourceTree = "<group>"; };
		837423C21818B25D000FCC76 /* LVFAppDelegate.h */ = {isa = PBXFileReference; lastKnownFileType = sourcecode.c.h; path = LVFAppDelegate.h; sourceTree = "<group>"; };
		837423C31818B25D000FCC76 /* LVFAppDelegate.m */ = {isa = PBXFileReference; lastKnownFileType = sourcecode.c.objc; path = LVFAppDelegate.m; sourceTree = "<group>"; };
		837423C61818B25D000FCC76 /* Base */ = {isa = PBXFileReference; lastKnownFileType = file.xib; name = Base; path = Base.lproj/MainMenu.xib; sourceTree = "<group>"; };
		837423C91818B25D000FCC76 /* GameQ-Stationary.xcdatamodel */ = {isa = PBXFileReference; lastKnownFileType = wrapper.xcdatamodel; path = "GameQ-Stationary.xcdatamodel"; sourceTree = "<group>"; };
		837423CB1818B25D000FCC76 /* Images.xcassets */ = {isa = PBXFileReference; lastKnownFileType = folder.assetcatalog; path = Images.xcassets; sourceTree = "<group>"; };
		837423D21818B25D000FCC76 /* XCTest.framework */ = {isa = PBXFileReference; lastKnownFileType = wrapper.framework; name = XCTest.framework; path = Library/Frameworks/XCTest.framework; sourceTree = DEVELOPER_DIR; };
		837423E71818B2CF000FCC76 /* libpcap.dylib */ = {isa = PBXFileReference; lastKnownFileType = "compiled.mach-o.dylib"; name = libpcap.dylib; path = usr/lib/libpcap.dylib; sourceTree = SDKROOT; };
		837423E91818B30E000FCC76 /* LVFpCap.h */ = {isa = PBXFileReference; fileEncoding = 4; lastKnownFileType = sourcecode.c.h; path = LVFpCap.h; sourceTree = "<group>"; };
		837423EA1818B30E000FCC76 /* NSString+SHA256.h */ = {isa = PBXFileReference; fileEncoding = 4; lastKnownFileType = sourcecode.c.h; path = "NSString+SHA256.h"; sourceTree = "<group>"; };
		837423EB1818B30E000FCC76 /* NSString+SHA256.m */ = {isa = PBXFileReference; fileEncoding = 4; lastKnownFileType = sourcecode.c.objc; path = "NSString+SHA256.m"; sourceTree = "<group>"; };
		837423EC1818B30E000FCC76 /* LVFConnections.h */ = {isa = PBXFileReference; fileEncoding = 4; lastKnownFileType = sourcecode.c.h; path = LVFConnections.h; sourceTree = "<group>"; };
		837423ED1818B30E000FCC76 /* LVFConnections.m */ = {isa = PBXFileReference; fileEncoding = 4; lastKnownFileType = sourcecode.c.objc; path = LVFConnections.m; sourceTree = "<group>"; };
		837423EE1818B30E000FCC76 /* LVFConnect.h */ = {isa = PBXFileReference; fileEncoding = 4; lastKnownFileType = sourcecode.c.h; path = LVFConnect.h; sourceTree = "<group>"; };
		837423EF1818B30E000FCC76 /* LVFConnect.m */ = {isa = PBXFileReference; fileEncoding = 4; lastKnownFileType = sourcecode.c.objc; path = LVFConnect.m; sourceTree = "<group>"; };
		837423F01818B30E000FCC76 /* LVFDataModel.h */ = {isa = PBXFileReference; fileEncoding = 4; lastKnownFileType = sourcecode.c.h; path = LVFDataModel.h; sourceTree = "<group>"; };
		837423F11818B30E000FCC76 /* LVFDataModel.m */ = {isa = PBXFileReference; fileEncoding = 4; lastKnownFileType = sourcecode.c.objc; path = LVFDataModel.m; sourceTree = "<group>"; };
		837423F21818B30E000FCC76 /* LVFDefinitions.h */ = {isa = PBXFileReference; fileEncoding = 4; lastKnownFileType = sourcecode.c.h; path = LVFDefinitions.h; sourceTree = "<group>"; };
		837423F31818B30E000FCC76 /* LVFDefinitions.m */ = {isa = PBXFileReference; fileEncoding = 4; lastKnownFileType = sourcecode.c.objc; path = LVFDefinitions.m; sourceTree = "<group>"; };
		83960C7F1933401700DD8818 /* Red.png */ = {isa = PBXFileReference; lastKnownFileType = image.png; path = Red.png; sourceTree = "<group>"; };
		83960C811933401D00DD8818 /* HigherRed.png */ = {isa = PBXFileReference; lastKnownFileType = image.png; path = HigherRed.png; sourceTree = "<group>"; };
		83960C831933403C00DD8818 /* HighRed.png */ = {isa = PBXFileReference; lastKnownFileType = image.png; path = HighRed.png; sourceTree = "<group>"; };
		83CBD502193903F90075C1DE /* ServiceManagement.framework */ = {isa = PBXFileReference; lastKnownFileType = wrapper.framework; name = ServiceManagement.framework; path = System/Library/Frameworks/ServiceManagement.framework; sourceTree = SDKROOT; };
		83CE6F9619F6B28100E64970 /* libsystem_blocks.dylib */ = {isa = PBXFileReference; lastKnownFileType = "compiled.mach-o.dylib"; name = libsystem_blocks.dylib; path = usr/lib/system/libsystem_blocks.dylib; sourceTree = SDKROOT; };
		83D074D0193B3FE20094DBC7 /* Qwhite@2x.png */ = {isa = PBXFileReference; lastKnownFileType = image.png; path = "Qwhite@2x.png"; sourceTree = "<group>"; };
		83D074D1193B3FE20094DBC7 /* Qblack@2x.png */ = {isa = PBXFileReference; lastKnownFileType = image.png; path = "Qblack@2x.png"; sourceTree = "<group>"; };
		83D074D2193B3FE20094DBC7 /* Qblue@2x.png */ = {isa = PBXFileReference; lastKnownFileType = image.png; path = "Qblue@2x.png"; sourceTree = "<group>"; };
		83E67FA91935DF32004ACB33 /* Qwhite.png */ = {isa = PBXFileReference; lastKnownFileType = image.png; path = Qwhite.png; sourceTree = "<group>"; };
		83E67FAA1935DF32004ACB33 /* Qblack.png */ = {isa = PBXFileReference; lastKnownFileType = image.png; path = Qblack.png; sourceTree = "<group>"; };
		83E67FAB1935DF32004ACB33 /* Qblue.png */ = {isa = PBXFileReference; lastKnownFileType = image.png; path = Qblue.png; sourceTree = "<group>"; };
		83EF17871888D0DF00057F36 /* LVFBuffer.h */ = {isa = PBXFileReference; fileEncoding = 4; lastKnownFileType = sourcecode.c.h; path = LVFBuffer.h; sourceTree = "<group>"; };
		83EF17881888D0DF00057F36 /* LVFBuffer.m */ = {isa = PBXFileReference; fileEncoding = 4; lastKnownFileType = sourcecode.c.objc; path = LVFBuffer.m; sourceTree = "<group>"; };
		83F27C2619CDA51A00A43F8F /* LVFCapObj.h */ = {isa = PBXFileReference; fileEncoding = 4; lastKnownFileType = sourcecode.c.h; path = LVFCapObj.h; sourceTree = "<group>"; };
		83F27C2719CDA51A00A43F8F /* LVFCapObj.m */ = {isa = PBXFileReference; fileEncoding = 4; lastKnownFileType = sourcecode.c.objc; path = LVFCapObj.m; sourceTree = "<group>"; };
		83F27C2919CDACD900A43F8F /* LVFCompartment.h */ = {isa = PBXFileReference; fileEncoding = 4; lastKnownFileType = sourcecode.c.h; path = LVFCompartment.h; sourceTree = "<group>"; };
		83F27C2A19CDACD900A43F8F /* LVFCompartment.m */ = {isa = PBXFileReference; fileEncoding = 4; lastKnownFileType = sourcecode.c.objc; path = LVFCompartment.m; sourceTree = "<group>"; };
		83F27C2C19CDC43000A43F8F /* LVFState.h */ = {isa = PBXFileReference; fileEncoding = 4; lastKnownFileType = sourcecode.c.h; path = LVFState.h; sourceTree = "<group>"; };
		83F27C2D19CDC43000A43F8F /* LVFState.m */ = {isa = PBXFileReference; fileEncoding = 4; lastKnownFileType = sourcecode.c.objc; path = LVFState.m; sourceTree = "<group>"; };
		83F76CEF19B4CC840023441F /* NotificationLogo.png */ = {isa = PBXFileReference; lastKnownFileType = image.png; path = NotificationLogo.png; sourceTree = "<group>"; };
		83F76CF019B4CC840023441F /* NotificationLogo@2x.png */ = {isa = PBXFileReference; lastKnownFileType = image.png; path = "NotificationLogo@2x.png"; sourceTree = "<group>"; };
		9CE22805189B9FEF008C6DDB /* LVFWindowHandler.h */ = {isa = PBXFileReference; fileEncoding = 4; lastKnownFileType = sourcecode.c.h; path = LVFWindowHandler.h; sourceTree = "<group>"; };
		9CE22806189B9FEF008C6DDB /* LVFWindowHandler.m */ = {isa = PBXFileReference; fileEncoding = 4; lastKnownFileType = sourcecode.c.objc; path = LVFWindowHandler.m; sourceTree = "<group>"; };
		9CE22808189BAAE4008C6DDB /* i6man.png */ = {isa = PBXFileReference; lastKnownFileType = image.png; path = i6man.png; sourceTree = "<group>"; };
		9CE22809189BAAE4008C6DDB /* i6woman.png */ = {isa = PBXFileReference; lastKnownFileType = image.png; path = i6woman.png; sourceTree = "<group>"; };
		9CE2280C189BB2E6008C6DDB /* i5man.png */ = {isa = PBXFileReference; lastKnownFileType = image.png; path = i5man.png; sourceTree = "<group>"; };
		9CE2280D189BB2E6008C6DDB /* i5woman.png */ = {isa = PBXFileReference; lastKnownFileType = image.png; path = i5woman.png; sourceTree = "<group>"; };
		9CE22810189BEA15008C6DDB /* CoreGraphics.framework */ = {isa = PBXFileReference; lastKnownFileType = wrapper.framework; name = CoreGraphics.framework; path = System/Library/Frameworks/CoreGraphics.framework; sourceTree = SDKROOT; };
/* End PBXFileReference section */

/* Begin PBXFrameworksBuildPhase section */
		837423AA1818B25D000FCC76 /* Frameworks */ = {
			isa = PBXFrameworksBuildPhase;
			buildActionMask = 2147483647;
			files = (
				8337A8B31949CEE500D36057 /* IOKit.framework in Frameworks */,
				8337A8B11949CEDE00D36057 /* CoreFoundation.framework in Frameworks */,
				83CBD503193903F90075C1DE /* ServiceManagement.framework in Frameworks */,
				9CE22811189BEA15008C6DDB /* CoreGraphics.framework in Frameworks */,
				8311E3FE184927FA0011212C /* Security.framework in Frameworks */,
				837423E81818B2CF000FCC76 /* libpcap.dylib in Frameworks */,
				837423B11818B25D000FCC76 /* Cocoa.framework in Frameworks */,
			);
			runOnlyForDeploymentPostprocessing = 0;
		};
/* End PBXFrameworksBuildPhase section */

/* Begin PBXGroup section */
		8337A89F1949413C00D36057 /* Install Items */ = {
			isa = PBXGroup;
			children = (
			);
			name = "Install Items";
			sourceTree = "<group>";
		};
		837423A41818B25D000FCC76 = {
			isa = PBXGroup;
			children = (
				837423B61818B25D000FCC76 /* GameQ-Stationary */,
				837423AF1818B25D000FCC76 /* Frameworks */,
				837423AE1818B25D000FCC76 /* Products */,
			);
			sourceTree = "<group>";
		};
		837423AE1818B25D000FCC76 /* Products */ = {
			isa = PBXGroup;
			children = (
				837423AD1818B25D000FCC76 /* GameQ-Stationary.app */,
			);
			name = Products;
			sourceTree = "<group>";
		};
		837423AF1818B25D000FCC76 /* Frameworks */ = {
			isa = PBXGroup;
			children = (
				83CE6F9619F6B28100E64970 /* libsystem_blocks.dylib */,
				8337A8B21949CEE500D36057 /* IOKit.framework */,
				8337A8B01949CEDE00D36057 /* CoreFoundation.framework */,
				83CBD502193903F90075C1DE /* ServiceManagement.framework */,
				9CE22810189BEA15008C6DDB /* CoreGraphics.framework */,
				8311E3FD184927FA0011212C /* Security.framework */,
				837423E71818B2CF000FCC76 /* libpcap.dylib */,
				837423B01818B25D000FCC76 /* Cocoa.framework */,
				837423D21818B25D000FCC76 /* XCTest.framework */,
				837423B21818B25D000FCC76 /* Other Frameworks */,
			);
			name = Frameworks;
			sourceTree = "<group>";
		};
		837423B21818B25D000FCC76 /* Other Frameworks */ = {
			isa = PBXGroup;
			children = (
				837423B31818B25D000FCC76 /* AppKit.framework */,
				837423B41818B25D000FCC76 /* CoreData.framework */,
				837423B51818B25D000FCC76 /* Foundation.framework */,
			);
			name = "Other Frameworks";
			sourceTree = "<group>";
		};
		837423B61818B25D000FCC76 /* GameQ-Stationary */ = {
			isa = PBXGroup;
			children = (
				837423C21818B25D000FCC76 /* LVFAppDelegate.h */,
				837423C31818B25D000FCC76 /* LVFAppDelegate.m */,
				833F06DE18B678ED00C2B980 /* LVFWindowViewSubclass.h */,
				833F06DF18B678ED00C2B980 /* LVFWindowViewSubclass.m */,
				9CE22805189B9FEF008C6DDB /* LVFWindowHandler.h */,
				9CE22806189B9FEF008C6DDB /* LVFWindowHandler.m */,
				83EF17871888D0DF00057F36 /* LVFBuffer.h */,
				83EF17881888D0DF00057F36 /* LVFBuffer.m */,
				837423C51818B25D000FCC76 /* MainMenu.xib */,
				837423E91818B30E000FCC76 /* LVFpCap.h */,
				837423EA1818B30E000FCC76 /* NSString+SHA256.h */,
				837423EB1818B30E000FCC76 /* NSString+SHA256.m */,
				837423EC1818B30E000FCC76 /* LVFConnections.h */,
				837423ED1818B30E000FCC76 /* LVFConnections.m */,
				837423EE1818B30E000FCC76 /* LVFConnect.h */,
				837423EF1818B30E000FCC76 /* LVFConnect.m */,
				837423F01818B30E000FCC76 /* LVFDataModel.h */,
				837423F11818B30E000FCC76 /* LVFDataModel.m */,
				837423F21818B30E000FCC76 /* LVFDefinitions.h */,
				837423F31818B30E000FCC76 /* LVFDefinitions.m */,
				8311E3F41848F4E20011212C /* LVFKeyChain.h */,
				8311E3F51848F4E20011212C /* LVFKeyChain.m */,
				83F27C2619CDA51A00A43F8F /* LVFCapObj.h */,
				83F27C2719CDA51A00A43F8F /* LVFCapObj.m */,
				83F27C2C19CDC43000A43F8F /* LVFState.h */,
				83F27C2D19CDC43000A43F8F /* LVFState.m */,
				83F27C2919CDACD900A43F8F /* LVFCompartment.h */,
				83F27C2A19CDACD900A43F8F /* LVFCompartment.m */,
				837423CB1818B25D000FCC76 /* Images.xcassets */,
				837423C81818B25D000FCC76 /* GameQ-Stationary.xcdatamodeld */,
				837423B71818B25D000FCC76 /* Supporting Files */,
			);
			path = "GameQ-Stationary";
			sourceTree = "<group>";
		};
		837423B71818B25D000FCC76 /* Supporting Files */ = {
			isa = PBXGroup;
			children = (
				8337A89F1949413C00D36057 /* Install Items */,
				83E67FA91935DF32004ACB33 /* Qwhite.png */,
				83E67FAA1935DF32004ACB33 /* Qblack.png */,
				83E67FAB1935DF32004ACB33 /* Qblue.png */,
				83D074D0193B3FE20094DBC7 /* Qwhite@2x.png */,
				83D074D1193B3FE20094DBC7 /* Qblack@2x.png */,
				83D074D2193B3FE20094DBC7 /* Qblue@2x.png */,
				837423B81818B25D000FCC76 /* GameQ-Stationary-Info.plist */,
				836DA57218BAD24A007DBC1F /* Gray.png */,
				83960C831933403C00DD8818 /* HighRed.png */,
				83960C811933401D00DD8818 /* HigherRed.png */,
				83F76CEF19B4CC840023441F /* NotificationLogo.png */,
				83F76CF019B4CC840023441F /* NotificationLogo@2x.png */,
				83960C7F1933401700DD8818 /* Red.png */,
				9CE2280C189BB2E6008C6DDB /* i5man.png */,
				9CE2280D189BB2E6008C6DDB /* i5woman.png */,
				9CE22808189BAAE4008C6DDB /* i6man.png */,
				9CE22809189BAAE4008C6DDB /* i6woman.png */,
				837423B91818B25D000FCC76 /* InfoPlist.strings */,
				837423BC1818B25D000FCC76 /* main.m */,
				837423BE1818B25D000FCC76 /* GameQ-Stationary-Prefix.pch */,
				837423BF1818B25D000FCC76 /* Credits.rtf */,
			);
			name = "Supporting Files";
			sourceTree = "<group>";
		};
/* End PBXGroup section */

/* Begin PBXNativeTarget section */
		837423AC1818B25D000FCC76 /* GameQ-Stationary */ = {
			isa = PBXNativeTarget;
			buildConfigurationList = 837423E11818B25D000FCC76 /* Build configuration list for PBXNativeTarget "GameQ-Stationary" */;
			buildPhases = (
				837423A91818B25D000FCC76 /* Sources */,
				837423AA1818B25D000FCC76 /* Frameworks */,
				837423AB1818B25D000FCC76 /* Resources */,
				83CBD4FF1938ED070075C1DE /* CopyFiles */,
				83D6AE4D19493E4E00D2EA71 /* ShellScript */,
			);
			buildRules = (
			);
			dependencies = (
			);
			name = "GameQ-Stationary";
			productName = testtest;
			productReference = 837423AD1818B25D000FCC76 /* GameQ-Stationary.app */;
			productType = "com.apple.product-type.application";
		};
/* End PBXNativeTarget section */

/* Begin PBXProject section */
		837423A51818B25D000FCC76 /* Project object */ = {
			isa = PBXProject;
			attributes = {
				CLASSPREFIX = LVF;
				LastUpgradeCheck = 0500;
				ORGANIZATIONNAME = "Ludvig Fröberg";
				TargetAttributes = {
					837423AC1818B25D000FCC76 = {
						DevelopmentTeam = NZ5DEAP476;
					};
				};
			};
			buildConfigurationList = 837423A81818B25D000FCC76 /* Build configuration list for PBXProject "GameQ-Stationary" */;
			compatibilityVersion = "Xcode 3.2";
			developmentRegion = English;
			hasScannedForEncodings = 0;
			knownRegions = (
				en,
				Base,
			);
			mainGroup = 837423A41818B25D000FCC76;
			productRefGroup = 837423AE1818B25D000FCC76 /* Products */;
			projectDirPath = "";
			projectRoot = "";
			targets = (
				837423AC1818B25D000FCC76 /* GameQ-Stationary */,
			);
		};
/* End PBXProject section */

/* Begin PBXResourcesBuildPhase section */
		837423AB1818B25D000FCC76 /* Resources */ = {
			isa = PBXResourcesBuildPhase;
			buildActionMask = 2147483647;
			files = (
				83E67FAF1935DF32004ACB33 /* Qblue.png in Resources */,
				83D074D4193B3FE20094DBC7 /* Qblack@2x.png in Resources */,
				83960C841933403C00DD8818 /* HighRed.png in Resources */,
				837423BB1818B25D000FCC76 /* InfoPlist.strings in Resources */,
				9CE2280F189BB2E6008C6DDB /* i5woman.png in Resources */,
				9CE2280B189BAAE4008C6DDB /* i6woman.png in Resources */,
				837423CC1818B25D000FCC76 /* Images.xcassets in Resources */,
				83D074D5193B3FE20094DBC7 /* Qblue@2x.png in Resources */,
				83960C801933401700DD8818 /* Red.png in Resources */,
				83960C821933401D00DD8818 /* HigherRed.png in Resources */,
				837423C11818B25D000FCC76 /* Credits.rtf in Resources */,
				83D074D3193B3FE20094DBC7 /* Qwhite@2x.png in Resources */,
				83E67FAE1935DF32004ACB33 /* Qblack.png in Resources */,
				837423C71818B25D000FCC76 /* MainMenu.xib in Resources */,
				83F76CF219B4CC840023441F /* NotificationLogo@2x.png in Resources */,
				83E67FAD1935DF32004ACB33 /* Qwhite.png in Resources */,
				836DA57318BAD24A007DBC1F /* Gray.png in Resources */,
				83F76CF119B4CC840023441F /* NotificationLogo.png in Resources */,
				9CE2280E189BB2E6008C6DDB /* i5man.png in Resources */,
				9CE2280A189BAAE4008C6DDB /* i6man.png in Resources */,
			);
			runOnlyForDeploymentPostprocessing = 0;
		};
/* End PBXResourcesBuildPhase section */

/* Begin PBXShellScriptBuildPhase section */
		83D6AE4D19493E4E00D2EA71 /* ShellScript */ = {
			isa = PBXShellScriptBuildPhase;
			buildActionMask = 2147483647;
			files = (
			);
			inputPaths = (
			);
			outputPaths = (
			);
			runOnlyForDeploymentPostprocessing = 0;
			shellPath = /bin/sh;
			shellScript = "";
		};
/* End PBXShellScriptBuildPhase section */

/* Begin PBXSourcesBuildPhase section */
		837423A91818B25D000FCC76 /* Sources */ = {
			isa = PBXSourcesBuildPhase;
			buildActionMask = 2147483647;
			files = (
				837423CA1818B25D000FCC76 /* GameQ-Stationary.xcdatamodeld in Sources */,
				837423F61818B30E000FCC76 /* LVFConnect.m in Sources */,
				83F27C2E19CDC43000A43F8F /* LVFState.m in Sources */,
				83EF17891888D0DF00057F36 /* LVFBuffer.m in Sources */,
				83F27C2819CDA51A00A43F8F /* LVFCapObj.m in Sources */,
				8311E3F61848F4E20011212C /* LVFKeyChain.m in Sources */,
				83F27C2B19CDACD900A43F8F /* LVFCompartment.m in Sources */,
				837423BD1818B25D000FCC76 /* main.m in Sources */,
				837423F41818B30E000FCC76 /* NSString+SHA256.m in Sources */,
				837423F71818B30E000FCC76 /* LVFDataModel.m in Sources */,
				837423F51818B30E000FCC76 /* LVFConnections.m in Sources */,
				837423C41818B25D000FCC76 /* LVFAppDelegate.m in Sources */,
				837423F81818B30E000FCC76 /* LVFDefinitions.m in Sources */,
				833F06E018B678ED00C2B980 /* LVFWindowViewSubclass.m in Sources */,
				9CE22807189B9FEF008C6DDB /* LVFWindowHandler.m in Sources */,
			);
			runOnlyForDeploymentPostprocessing = 0;
		};
/* End PBXSourcesBuildPhase section */

/* Begin PBXVariantGroup section */
		837423B91818B25D000FCC76 /* InfoPlist.strings */ = {
			isa = PBXVariantGroup;
			children = (
				837423BA1818B25D000FCC76 /* en */,
			);
			name = InfoPlist.strings;
			sourceTree = "<group>";
		};
		837423BF1818B25D000FCC76 /* Credits.rtf */ = {
			isa = PBXVariantGroup;
			children = (
				837423C01818B25D000FCC76 /* en */,
			);
			name = Credits.rtf;
			sourceTree = "<group>";
		};
		837423C51818B25D000FCC76 /* MainMenu.xib */ = {
			isa = PBXVariantGroup;
			children = (
				837423C61818B25D000FCC76 /* Base */,
			);
			name = MainMenu.xib;
			sourceTree = "<group>";
		};
/* End PBXVariantGroup section */

/* Begin XCBuildConfiguration section */
		837423DF1818B25D000FCC76 /* Debug */ = {
			isa = XCBuildConfiguration;
			buildSettings = {
				ALWAYS_SEARCH_USER_PATHS = NO;
				CLANG_CXX_LANGUAGE_STANDARD = "gnu++0x";
				CLANG_CXX_LIBRARY = "libc++";
				CLANG_ENABLE_OBJC_ARC = YES;
				CLANG_WARN_BOOL_CONVERSION = YES;
				CLANG_WARN_CONSTANT_CONVERSION = YES;
				CLANG_WARN_DIRECT_OBJC_ISA_USAGE = YES_ERROR;
				CLANG_WARN_EMPTY_BODY = YES;
				CLANG_WARN_ENUM_CONVERSION = YES;
				CLANG_WARN_INT_CONVERSION = YES;
				CLANG_WARN_OBJC_ROOT_CLASS = YES_ERROR;
				CLANG_WARN__DUPLICATE_METHOD_MATCH = YES;
				CODE_SIGN_IDENTITY = "Developer ID Application: GameQ AB (NZ5DEAP476)";
				COPY_PHASE_STRIP = NO;
				GCC_C_LANGUAGE_STANDARD = gnu99;
				GCC_DYNAMIC_NO_PIC = NO;
				GCC_ENABLE_OBJC_EXCEPTIONS = YES;
				GCC_OPTIMIZATION_LEVEL = 0;
				GCC_PREPROCESSOR_DEFINITIONS = (
					"DEBUG=1",
					"$(inherited)",
				);
				GCC_SYMBOLS_PRIVATE_EXTERN = NO;
				GCC_WARN_64_TO_32_BIT_CONVERSION = YES;
				GCC_WARN_ABOUT_RETURN_TYPE = YES_ERROR;
				GCC_WARN_UNDECLARED_SELECTOR = YES;
				GCC_WARN_UNINITIALIZED_AUTOS = YES;
				GCC_WARN_UNUSED_FUNCTION = YES;
				GCC_WARN_UNUSED_VARIABLE = YES;
				MACOSX_DEPLOYMENT_TARGET = 10.8;
				ONLY_ACTIVE_ARCH = YES;
				PROVISIONING_PROFILE = "";
				SDKROOT = macosx;
				STRIP_INSTALLED_PRODUCT = YES;
			};
			name = Debug;
		};
		837423E01818B25D000FCC76 /* Release */ = {
			isa = XCBuildConfiguration;
			buildSettings = {
				ALWAYS_SEARCH_USER_PATHS = NO;
				CLANG_CXX_LANGUAGE_STANDARD = "gnu++0x";
				CLANG_CXX_LIBRARY = "libc++";
				CLANG_ENABLE_OBJC_ARC = YES;
				CLANG_WARN_BOOL_CONVERSION = YES;
				CLANG_WARN_CONSTANT_CONVERSION = YES;
				CLANG_WARN_DIRECT_OBJC_ISA_USAGE = YES_ERROR;
				CLANG_WARN_EMPTY_BODY = YES;
				CLANG_WARN_ENUM_CONVERSION = YES;
				CLANG_WARN_INT_CONVERSION = YES;
				CLANG_WARN_OBJC_ROOT_CLASS = YES_ERROR;
				CLANG_WARN__DUPLICATE_METHOD_MATCH = YES;
				CODE_SIGN_IDENTITY = "Developer ID Application: GameQ AB (NZ5DEAP476)";
				COPY_PHASE_STRIP = YES;
				DEBUG_INFORMATION_FORMAT = "dwarf-with-dsym";
				ENABLE_NS_ASSERTIONS = NO;
				GCC_C_LANGUAGE_STANDARD = gnu99;
				GCC_ENABLE_OBJC_EXCEPTIONS = YES;
				GCC_WARN_64_TO_32_BIT_CONVERSION = YES;
				GCC_WARN_ABOUT_RETURN_TYPE = YES_ERROR;
				GCC_WARN_UNDECLARED_SELECTOR = YES;
				GCC_WARN_UNINITIALIZED_AUTOS = YES;
				GCC_WARN_UNUSED_FUNCTION = YES;
				GCC_WARN_UNUSED_VARIABLE = YES;
				MACOSX_DEPLOYMENT_TARGET = 10.8;
				PROVISIONING_PROFILE = "";
				SDKROOT = macosx;
				STRIP_INSTALLED_PRODUCT = YES;
			};
			name = Release;
		};
		837423E21818B25D000FCC76 /* Debug */ = {
			isa = XCBuildConfiguration;
			buildSettings = {
				ASSETCATALOG_COMPILER_APPICON_NAME = AppIcon;
				CODE_SIGN_IDENTITY = "Developer ID Application: GameQ AB (NZ5DEAP476)";
				"CODE_SIGN_IDENTITY[sdk=macosx*]" = "Developer ID Application: GameQ AB (NZ5DEAP476)";
				COMBINE_HIDPI_IMAGES = YES;
				GCC_PRECOMPILE_PREFIX_HEADER = YES;
				GCC_PREFIX_HEADER = "GameQ-Stationary/GameQ-Stationary-Prefix.pch";
				GCC_WARN_UNUSED_FUNCTION = NO;
				INFOPLIST_FILE = "GameQ-Stationary/GameQ-Stationary-Info.plist";
				LIBRARY_SEARCH_PATHS = (
					"$(inherited)",
					"$(SDKROOT)/usr/lib/system",
				);
				OTHER_CODE_SIGN_FLAGS = "--deep";
				PRODUCT_NAME = "GameQ-Stationary";
				PROVISIONING_PROFILE = "";
				WRAPPER_EXTENSION = app;
			};
			name = Debug;
		};
		837423E31818B25D000FCC76 /* Release */ = {
			isa = XCBuildConfiguration;
			buildSettings = {
				ASSETCATALOG_COMPILER_APPICON_NAME = AppIcon;
				CODE_SIGN_IDENTITY = "Developer ID Application: GameQ AB (NZ5DEAP476)";
				"CODE_SIGN_IDENTITY[sdk=macosx*]" = "Developer ID Application: GameQ AB (NZ5DEAP476)";
				COMBINE_HIDPI_IMAGES = YES;
				COPY_PHASE_STRIP = NO;
				GCC_PRECOMPILE_PREFIX_HEADER = YES;
				GCC_PREFIX_HEADER = "GameQ-Stationary/GameQ-Stationary-Prefix.pch";
				GCC_WARN_UNUSED_FUNCTION = NO;
				INFOPLIST_FILE = "GameQ-Stationary/GameQ-Stationary-Info.plist";
				LIBRARY_SEARCH_PATHS = (
					"$(inherited)",
					"$(SDKROOT)/usr/lib/system",
				);
				OTHER_CODE_SIGN_FLAGS = "--deep";
				PRODUCT_NAME = "GameQ-Stationary";
				PROVISIONING_PROFILE = "";
				WRAPPER_EXTENSION = app;
			};
			name = Release;
		};
/* End XCBuildConfiguration section */

/* Begin XCConfigurationList section */
		837423A81818B25D000FCC76 /* Build configuration list for PBXProject "GameQ-Stationary" */ = {
			isa = XCConfigurationList;
			buildConfigurations = (
				837423DF1818B25D000FCC76 /* Debug */,
				837423E01818B25D000FCC76 /* Release */,
			);
			defaultConfigurationIsVisible = 0;
			defaultConfigurationName = Release;
		};
		837423E11818B25D000FCC76 /* Build configuration list for PBXNativeTarget "GameQ-Stationary" */ = {
			isa = XCConfigurationList;
			buildConfigurations = (
				837423E21818B25D000FCC76 /* Debug */,
				837423E31818B25D000FCC76 /* Release */,
			);
			defaultConfigurationIsVisible = 0;
			defaultConfigurationName = Release;
		};
/* End XCConfigurationList section */

/* Begin XCVersionGroup section */
		837423C81818B25D000FCC76 /* GameQ-Stationary.xcdatamodeld */ = {
			isa = XCVersionGroup;
			children = (
				837423C91818B25D000FCC76 /* GameQ-Stationary.xcdatamodel */,
			);
			currentVersion = 837423C91818B25D000FCC76 /* GameQ-Stationary.xcdatamodel */;
			path = "GameQ-Stationary.xcdatamodeld";
			sourceTree = "<group>";
			versionGroupType = wrapper.xcdatamodel;
		};
/* End XCVersionGroup section */
	};
	rootObject = 837423A51818B25D000FCC76 /* Project object */;
}
