// !$*UTF8*$!
{
	archiveVersion = 1;
	classes = {
	};
	objectVersion = 46;
	objects = {

/* Begin PBXBuildFile section */
		8311E3F61848F4E20011212C /* LVFKeyChain.m in Sources */ = {isa = PBXBuildFile; fileRef = 8311E3F51848F4E20011212C /* LVFKeyChain.m */; };
		8311E3FE184927FA0011212C /* Security.framework in Frameworks */ = {isa = PBXBuildFile; fileRef = 8311E3FD184927FA0011212C /* Security.framework */; };
		833403E418C6614E00A8B6E0 /* NotificationLogo.png in Resources */ = {isa = PBXBuildFile; fileRef = 833403E318C6614E00A8B6E0 /* NotificationLogo.png */; };
		8338311F18633840003E4493 /* SSKeychain.m in Sources */ = {isa = PBXBuildFile; fileRef = 8338311E18633840003E4493 /* SSKeychain.m */; };
		833F06E018B678ED00C2B980 /* LVFWindowViewSubclass.m in Sources */ = {isa = PBXBuildFile; fileRef = 833F06DF18B678ED00C2B980 /* LVFWindowViewSubclass.m */; };
		836DA57318BAD24A007DBC1F /* Gray.png in Resources */ = {isa = PBXBuildFile; fileRef = 836DA57218BAD24A007DBC1F /* Gray.png */; };
		836DA57B18BAD6C2007DBC1F /* Qblack.png in Resources */ = {isa = PBXBuildFile; fileRef = 836DA57818BAD6C2007DBC1F /* Qblack.png */; };
		836DA57D18BAD6C2007DBC1F /* Qwhite.png in Resources */ = {isa = PBXBuildFile; fileRef = 836DA57A18BAD6C2007DBC1F /* Qwhite.png */; };
		836DA58318BAD838007DBC1F /* Qblue.png in Resources */ = {isa = PBXBuildFile; fileRef = 836DA58218BAD838007DBC1F /* Qblue.png */; };
		836DA58718BADD4B007DBC1F /* GameQ.png in Resources */ = {isa = PBXBuildFile; fileRef = 836DA58618BADD4B007DBC1F /* GameQ.png */; };
		837423B11818B25D000FCC76 /* Cocoa.framework in Frameworks */ = {isa = PBXBuildFile; fileRef = 837423B01818B25D000FCC76 /* Cocoa.framework */; };
		837423BB1818B25D000FCC76 /* InfoPlist.strings in Resources */ = {isa = PBXBuildFile; fileRef = 837423B91818B25D000FCC76 /* InfoPlist.strings */; };
		837423BD1818B25D000FCC76 /* main.m in Sources */ = {isa = PBXBuildFile; fileRef = 837423BC1818B25D000FCC76 /* main.m */; };
		837423C11818B25D000FCC76 /* Credits.rtf in Resources */ = {isa = PBXBuildFile; fileRef = 837423BF1818B25D000FCC76 /* Credits.rtf */; };
		837423C41818B25D000FCC76 /* LVFAppDelegate.m in Sources */ = {isa = PBXBuildFile; fileRef = 837423C31818B25D000FCC76 /* LVFAppDelegate.m */; };
		837423C71818B25D000FCC76 /* MainMenu.xib in Resources */ = {isa = PBXBuildFile; fileRef = 837423C51818B25D000FCC76 /* MainMenu.xib */; };
		837423CA1818B25D000FCC76 /* GameQ-Stationary.xcdatamodeld in Sources */ = {isa = PBXBuildFile; fileRef = 837423C81818B25D000FCC76 /* GameQ-Stationary.xcdatamodeld */; };
		837423CC1818B25D000FCC76 /* Images.xcassets in Resources */ = {isa = PBXBuildFile; fileRef = 837423CB1818B25D000FCC76 /* Images.xcassets */; };
		837423D31818B25D000FCC76 /* XCTest.framework in Frameworks */ = {isa = PBXBuildFile; fileRef = 837423D21818B25D000FCC76 /* XCTest.framework */; };
		837423D41818B25D000FCC76 /* Cocoa.framework in Frameworks */ = {isa = PBXBuildFile; fileRef = 837423B01818B25D000FCC76 /* Cocoa.framework */; };
		837423E81818B2CF000FCC76 /* libpcap.dylib in Frameworks */ = {isa = PBXBuildFile; fileRef = 837423E71818B2CF000FCC76 /* libpcap.dylib */; };
		837423F41818B30E000FCC76 /* NSString+SHA256.m in Sources */ = {isa = PBXBuildFile; fileRef = 837423EB1818B30E000FCC76 /* NSString+SHA256.m */; };
		837423F51818B30E000FCC76 /* LVFConnections.m in Sources */ = {isa = PBXBuildFile; fileRef = 837423ED1818B30E000FCC76 /* LVFConnections.m */; };
		837423F61818B30E000FCC76 /* LVFConnect.m in Sources */ = {isa = PBXBuildFile; fileRef = 837423EF1818B30E000FCC76 /* LVFConnect.m */; };
		837423F71818B30E000FCC76 /* LVFDataModel.m in Sources */ = {isa = PBXBuildFile; fileRef = 837423F11818B30E000FCC76 /* LVFDataModel.m */; };
		837423F81818B30E000FCC76 /* LVFDefinitions.m in Sources */ = {isa = PBXBuildFile; fileRef = 837423F31818B30E000FCC76 /* LVFDefinitions.m */; };
		83EF17891888D0DF00057F36 /* LVFBuffer.m in Sources */ = {isa = PBXBuildFile; fileRef = 83EF17881888D0DF00057F36 /* LVFBuffer.m */; };
		9CE22807189B9FEF008C6DDB /* LVFWindowHandler.m in Sources */ = {isa = PBXBuildFile; fileRef = 9CE22806189B9FEF008C6DDB /* LVFWindowHandler.m */; };
		9CE2280A189BAAE4008C6DDB /* i6man.png in Resources */ = {isa = PBXBuildFile; fileRef = 9CE22808189BAAE4008C6DDB /* i6man.png */; };
		9CE2280B189BAAE4008C6DDB /* i6woman.png in Resources */ = {isa = PBXBuildFile; fileRef = 9CE22809189BAAE4008C6DDB /* i6woman.png */; };
		9CE2280E189BB2E6008C6DDB /* i5man.png in Resources */ = {isa = PBXBuildFile; fileRef = 9CE2280C189BB2E6008C6DDB /* i5man.png */; };
		9CE2280F189BB2E6008C6DDB /* i5woman.png in Resources */ = {isa = PBXBuildFile; fileRef = 9CE2280D189BB2E6008C6DDB /* i5woman.png */; };
		9CE22811189BEA15008C6DDB /* CoreGraphics.framework in Frameworks */ = {isa = PBXBuildFile; fileRef = 9CE22810189BEA15008C6DDB /* CoreGraphics.framework */; };
		9CE22813189C003E008C6DDB /* GQLogo.png in Resources */ = {isa = PBXBuildFile; fileRef = 9CE22812189C003E008C6DDB /* GQLogo.png */; };
/* End PBXBuildFile section */

/* Begin PBXContainerItemProxy section */
		837423D51818B25D000FCC76 /* PBXContainerItemProxy */ = {
			isa = PBXContainerItemProxy;
			containerPortal = 837423A51818B25D000FCC76 /* Project object */;
			proxyType = 1;
			remoteGlobalIDString = 837423AC1818B25D000FCC76;
			remoteInfo = testtest;
		};
/* End PBXContainerItemProxy section */

/* Begin PBXFileReference section */
		8311E3F41848F4E20011212C /* LVFKeyChain.h */ = {isa = PBXFileReference; fileEncoding = 4; lastKnownFileType = sourcecode.c.h; path = LVFKeyChain.h; sourceTree = "<group>"; };
		8311E3F51848F4E20011212C /* LVFKeyChain.m */ = {isa = PBXFileReference; fileEncoding = 4; lastKnownFileType = sourcecode.c.objc; path = LVFKeyChain.m; sourceTree = "<group>"; };
		8311E3FD184927FA0011212C /* Security.framework */ = {isa = PBXFileReference; lastKnownFileType = wrapper.framework; name = Security.framework; path = System/Library/Frameworks/Security.framework; sourceTree = SDKROOT; };
		833403E318C6614E00A8B6E0 /* NotificationLogo.png */ = {isa = PBXFileReference; lastKnownFileType = image.png; path = NotificationLogo.png; sourceTree = "<group>"; };
		8338311D18633840003E4493 /* SSKeychain.h */ = {isa = PBXFileReference; fileEncoding = 4; lastKnownFileType = sourcecode.c.h; path = SSKeychain.h; sourceTree = "<group>"; };
		8338311E18633840003E4493 /* SSKeychain.m */ = {isa = PBXFileReference; fileEncoding = 4; lastKnownFileType = sourcecode.c.objc; path = SSKeychain.m; sourceTree = "<group>"; };
		833F06DE18B678ED00C2B980 /* LVFWindowViewSubclass.h */ = {isa = PBXFileReference; fileEncoding = 4; lastKnownFileType = sourcecode.c.h; path = LVFWindowViewSubclass.h; sourceTree = "<group>"; };
		833F06DF18B678ED00C2B980 /* LVFWindowViewSubclass.m */ = {isa = PBXFileReference; fileEncoding = 4; lastKnownFileType = sourcecode.c.objc; path = LVFWindowViewSubclass.m; sourceTree = "<group>"; };
		836DA57218BAD24A007DBC1F /* Gray.png */ = {isa = PBXFileReference; lastKnownFileType = image.png; path = Gray.png; sourceTree = "<group>"; };
		836DA57818BAD6C2007DBC1F /* Qblack.png */ = {isa = PBXFileReference; lastKnownFileType = image.png; path = Qblack.png; sourceTree = "<group>"; };
		836DA57A18BAD6C2007DBC1F /* Qwhite.png */ = {isa = PBXFileReference; lastKnownFileType = image.png; path = Qwhite.png; sourceTree = "<group>"; };
		836DA58218BAD838007DBC1F /* Qblue.png */ = {isa = PBXFileReference; lastKnownFileType = image.png; path = Qblue.png; sourceTree = "<group>"; };
		836DA58618BADD4B007DBC1F /* GameQ.png */ = {isa = PBXFileReference; lastKnownFileType = image.png; path = GameQ.png; sourceTree = "<group>"; };
		837423AD1818B25D000FCC76 /* GameQ-Stationary.app */ = {isa = PBXFileReference; explicitFileType = wrapper.application; includeInIndex = 0; path = "GameQ-Stationary.app"; sourceTree = BUILT_PRODUCTS_DIR; };
		837423B01818B25D000FCC76 /* Cocoa.framework */ = {isa = PBXFileReference; lastKnownFileType = wrapper.framework; name = Cocoa.framework; path = System/Library/Frameworks/Cocoa.framework; sourceTree = SDKROOT; };
		837423B31818B25D000FCC76 /* AppKit.framework */ = {isa = PBXFileReference; lastKnownFileType = wrapper.framework; name = AppKit.framework; path = System/Library/Frameworks/AppKit.framework; sourceTree = SDKROOT; };
		837423B41818B25D000FCC76 /* CoreData.framework */ = {isa = PBXFileReference; lastKnownFileType = wrapper.framework; name = CoreData.framework; path = System/Library/Frameworks/CoreData.framework; sourceTree = SDKROOT; };
		837423B51818B25D000FCC76 /* Foundation.framework */ = {isa = PBXFileReference; lastKnownFileType = wrapper.framework; name = Foundation.framework; path = System/Library/Frameworks/Foundation.framework; sourceTree = SDKROOT; };
		837423B81818B25D000FCC76 /* GameQ-Stationary-Info.plist */ = {isa = PBXFileReference; lastKnownFileType = text.plist.xml; path = "GameQ-Stationary-Info.plist"; sourceTree = "<group>"; };
		837423BA1818B25D000FCC76 /* en */ = {isa = PBXFileReference; lastKnownFileType = text.plist.strings; name = en; path = en.lproj/InfoPlist.strings; sourceTree = "<group>"; };
		837423BC1818B25D000FCC76 /* main.m */ = {isa = PBXFileReference; lastKnownFileType = sourcecode.c.objc; path = main.m; sourceTree = "<group>"; };
		837423BE1818B25D000FCC76 /* GameQ-Stationary-Prefix.pch */ = {isa = PBXFileReference; lastKnownFileType = sourcecode.c.h; path = "GameQ-Stationary-Prefix.pch"; sourceTree = "<group>"; };
		837423C01818B25D000FCC76 /* en */ = {isa = PBXFileReference; lastKnownFileType = text.rtf; name = en; path = en.lproj/Credits.rtf; sourceTree = "<group>"; };
		837423C21818B25D000FCC76 /* LVFAppDelegate.h */ = {isa = PBXFileReference; lastKnownFileType = sourcecode.c.h; path = LVFAppDelegate.h; sourceTree = "<group>"; };
		837423C31818B25D000FCC76 /* LVFAppDelegate.m */ = {isa = PBXFileReference; lastKnownFileType = sourcecode.c.objc; path = LVFAppDelegate.m; sourceTree = "<group>"; };
		837423C61818B25D000FCC76 /* Base */ = {isa = PBXFileReference; lastKnownFileType = file.xib; name = Base; path = Base.lproj/MainMenu.xib; sourceTree = "<group>"; };
		837423C91818B25D000FCC76 /* GameQ-Stationary.xcdatamodel */ = {isa = PBXFileReference; lastKnownFileType = wrapper.xcdatamodel; path = "GameQ-Stationary.xcdatamodel"; sourceTree = "<group>"; };
		837423CB1818B25D000FCC76 /* Images.xcassets */ = {isa = PBXFileReference; lastKnownFileType = folder.assetcatalog; path = Images.xcassets; sourceTree = "<group>"; };
		837423D11818B25D000FCC76 /* GameQ-StationaryTests.xctest */ = {isa = PBXFileReference; explicitFileType = wrapper.cfbundle; includeInIndex = 0; path = "GameQ-StationaryTests.xctest"; sourceTree = BUILT_PRODUCTS_DIR; };
		837423D21818B25D000FCC76 /* XCTest.framework */ = {isa = PBXFileReference; lastKnownFileType = wrapper.framework; name = XCTest.framework; path = Library/Frameworks/XCTest.framework; sourceTree = DEVELOPER_DIR; };
		837423E71818B2CF000FCC76 /* libpcap.dylib */ = {isa = PBXFileReference; lastKnownFileType = "compiled.mach-o.dylib"; name = libpcap.dylib; path = usr/lib/libpcap.dylib; sourceTree = SDKROOT; };
		837423E91818B30E000FCC76 /* LVFpCap.h */ = {isa = PBXFileReference; fileEncoding = 4; lastKnownFileType = sourcecode.c.h; path = LVFpCap.h; sourceTree = "<group>"; };
		837423EA1818B30E000FCC76 /* NSString+SHA256.h */ = {isa = PBXFileReference; fileEncoding = 4; lastKnownFileType = sourcecode.c.h; path = "NSString+SHA256.h"; sourceTree = "<group>"; };
		837423EB1818B30E000FCC76 /* NSString+SHA256.m */ = {isa = PBXFileReference; fileEncoding = 4; lastKnownFileType = sourcecode.c.objc; path = "NSString+SHA256.m"; sourceTree = "<group>"; };
		837423EC1818B30E000FCC76 /* LVFConnections.h */ = {isa = PBXFileReference; fileEncoding = 4; lastKnownFileType = sourcecode.c.h; path = LVFConnections.h; sourceTree = "<group>"; };
		837423ED1818B30E000FCC76 /* LVFConnections.m */ = {isa = PBXFileReference; fileEncoding = 4; lastKnownFileType = sourcecode.c.objc; path = LVFConnections.m; sourceTree = "<group>"; };
		837423EE1818B30E000FCC76 /* LVFConnect.h */ = {isa = PBXFileReference; fileEncoding = 4; lastKnownFileType = sourcecode.c.h; path = LVFConnect.h; sourceTree = "<group>"; };
		837423EF1818B30E000FCC76 /* LVFConnect.m */ = {isa = PBXFileReference; fileEncoding = 4; lastKnownFileType = sourcecode.c.objc; path = LVFConnect.m; sourceTree = "<group>"; };
		837423F01818B30E000FCC76 /* LVFDataModel.h */ = {isa = PBXFileReference; fileEncoding = 4; lastKnownFileType = sourcecode.c.h; path = LVFDataModel.h; sourceTree = "<group>"; };
		837423F11818B30E000FCC76 /* LVFDataModel.m */ = {isa = PBXFileReference; fileEncoding = 4; lastKnownFileType = sourcecode.c.objc; path = LVFDataModel.m; sourceTree = "<group>"; };
		837423F21818B30E000FCC76 /* LVFDefinitions.h */ = {isa = PBXFileReference; fileEncoding = 4; lastKnownFileType = sourcecode.c.h; path = LVFDefinitions.h; sourceTree = "<group>"; };
		837423F31818B30E000FCC76 /* LVFDefinitions.m */ = {isa = PBXFileReference; fileEncoding = 4; lastKnownFileType = sourcecode.c.objc; path = LVFDefinitions.m; sourceTree = "<group>"; };
		83EF17871888D0DF00057F36 /* LVFBuffer.h */ = {isa = PBXFileReference; fileEncoding = 4; lastKnownFileType = sourcecode.c.h; path = LVFBuffer.h; sourceTree = "<group>"; };
		83EF17881888D0DF00057F36 /* LVFBuffer.m */ = {isa = PBXFileReference; fileEncoding = 4; lastKnownFileType = sourcecode.c.objc; path = LVFBuffer.m; sourceTree = "<group>"; };
		9CE22805189B9FEF008C6DDB /* LVFWindowHandler.h */ = {isa = PBXFileReference; fileEncoding = 4; lastKnownFileType = sourcecode.c.h; path = LVFWindowHandler.h; sourceTree = "<group>"; };
		9CE22806189B9FEF008C6DDB /* LVFWindowHandler.m */ = {isa = PBXFileReference; fileEncoding = 4; lastKnownFileType = sourcecode.c.objc; path = LVFWindowHandler.m; sourceTree = "<group>"; };
		9CE22808189BAAE4008C6DDB /* i6man.png */ = {isa = PBXFileReference; lastKnownFileType = image.png; path = i6man.png; sourceTree = "<group>"; };
		9CE22809189BAAE4008C6DDB /* i6woman.png */ = {isa = PBXFileReference; lastKnownFileType = image.png; path = i6woman.png; sourceTree = "<group>"; };
		9CE2280C189BB2E6008C6DDB /* i5man.png */ = {isa = PBXFileReference; lastKnownFileType = image.png; path = i5man.png; sourceTree = "<group>"; };
		9CE2280D189BB2E6008C6DDB /* i5woman.png */ = {isa = PBXFileReference; lastKnownFileType = image.png; path = i5woman.png; sourceTree = "<group>"; };
		9CE22810189BEA15008C6DDB /* CoreGraphics.framework */ = {isa = PBXFileReference; lastKnownFileType = wrapper.framework; name = CoreGraphics.framework; path = System/Library/Frameworks/CoreGraphics.framework; sourceTree = SDKROOT; };
		9CE22812189C003E008C6DDB /* GQLogo.png */ = {isa = PBXFileReference; lastKnownFileType = image.png; path = GQLogo.png; sourceTree = "<group>"; };
/* End PBXFileReference section */

/* Begin PBXFrameworksBuildPhase section */
		837423AA1818B25D000FCC76 /* Frameworks */ = {
			isa = PBXFrameworksBuildPhase;
			buildActionMask = 2147483647;
			files = (
				9CE22811189BEA15008C6DDB /* CoreGraphics.framework in Frameworks */,
				8311E3FE184927FA0011212C /* Security.framework in Frameworks */,
				837423E81818B2CF000FCC76 /* libpcap.dylib in Frameworks */,
				837423B11818B25D000FCC76 /* Cocoa.framework in Frameworks */,
			);
			runOnlyForDeploymentPostprocessing = 0;
		};
		837423CE1818B25D000FCC76 /* Frameworks */ = {
			isa = PBXFrameworksBuildPhase;
			buildActionMask = 2147483647;
			files = (
				837423D41818B25D000FCC76 /* Cocoa.framework in Frameworks */,
				837423D31818B25D000FCC76 /* XCTest.framework in Frameworks */,
			);
			runOnlyForDeploymentPostprocessing = 0;
		};
/* End PBXFrameworksBuildPhase section */

/* Begin PBXGroup section */
		837423A41818B25D000FCC76 = {
			isa = PBXGroup;
			children = (
				837423B61818B25D000FCC76 /* GameQ-Stationary */,
				837423AF1818B25D000FCC76 /* Frameworks */,
				837423AE1818B25D000FCC76 /* Products */,
			);
			sourceTree = "<group>";
		};
		837423AE1818B25D000FCC76 /* Products */ = {
			isa = PBXGroup;
			children = (
				837423AD1818B25D000FCC76 /* GameQ-Stationary.app */,
				837423D11818B25D000FCC76 /* GameQ-StationaryTests.xctest */,
			);
			name = Products;
			sourceTree = "<group>";
		};
		837423AF1818B25D000FCC76 /* Frameworks */ = {
			isa = PBXGroup;
			children = (
				9CE22810189BEA15008C6DDB /* CoreGraphics.framework */,
				8311E3FD184927FA0011212C /* Security.framework */,
				837423E71818B2CF000FCC76 /* libpcap.dylib */,
				837423B01818B25D000FCC76 /* Cocoa.framework */,
				837423D21818B25D000FCC76 /* XCTest.framework */,
				837423B21818B25D000FCC76 /* Other Frameworks */,
			);
			name = Frameworks;
			sourceTree = "<group>";
		};
		837423B21818B25D000FCC76 /* Other Frameworks */ = {
			isa = PBXGroup;
			children = (
				837423B31818B25D000FCC76 /* AppKit.framework */,
				837423B41818B25D000FCC76 /* CoreData.framework */,
				837423B51818B25D000FCC76 /* Foundation.framework */,
			);
			name = "Other Frameworks";
			sourceTree = "<group>";
		};
		837423B61818B25D000FCC76 /* GameQ-Stationary */ = {
			isa = PBXGroup;
			children = (
				837423C21818B25D000FCC76 /* LVFAppDelegate.h */,
				837423C31818B25D000FCC76 /* LVFAppDelegate.m */,
				833F06DE18B678ED00C2B980 /* LVFWindowViewSubclass.h */,
				833F06DF18B678ED00C2B980 /* LVFWindowViewSubclass.m */,
				9CE22805189B9FEF008C6DDB /* LVFWindowHandler.h */,
				9CE22806189B9FEF008C6DDB /* LVFWindowHandler.m */,
				83EF17871888D0DF00057F36 /* LVFBuffer.h */,
				83EF17881888D0DF00057F36 /* LVFBuffer.m */,
				837423C51818B25D000FCC76 /* MainMenu.xib */,
				837423E91818B30E000FCC76 /* LVFpCap.h */,
				837423EA1818B30E000FCC76 /* NSString+SHA256.h */,
				837423EB1818B30E000FCC76 /* NSString+SHA256.m */,
				837423EC1818B30E000FCC76 /* LVFConnections.h */,
				837423ED1818B30E000FCC76 /* LVFConnections.m */,
				837423EE1818B30E000FCC76 /* LVFConnect.h */,
				837423EF1818B30E000FCC76 /* LVFConnect.m */,
				837423F01818B30E000FCC76 /* LVFDataModel.h */,
				837423F11818B30E000FCC76 /* LVFDataModel.m */,
				837423F21818B30E000FCC76 /* LVFDefinitions.h */,
				837423F31818B30E000FCC76 /* LVFDefinitions.m */,
				8338311D18633840003E4493 /* SSKeychain.h */,
				8338311E18633840003E4493 /* SSKeychain.m */,
				8311E3F41848F4E20011212C /* LVFKeyChain.h */,
				8311E3F51848F4E20011212C /* LVFKeyChain.m */,
				837423CB1818B25D000FCC76 /* Images.xcassets */,
				837423C81818B25D000FCC76 /* GameQ-Stationary.xcdatamodeld */,
				837423B71818B25D000FCC76 /* Supporting Files */,
			);
			path = "GameQ-Stationary";
			sourceTree = "<group>";
		};
		837423B71818B25D000FCC76 /* Supporting Files */ = {
			isa = PBXGroup;
			children = (
				837423B81818B25D000FCC76 /* GameQ-Stationary-Info.plist */,
				836DA57218BAD24A007DBC1F /* Gray.png */,
				836DA58618BADD4B007DBC1F /* GameQ.png */,
				836DA57818BAD6C2007DBC1F /* Qblack.png */,
				836DA58218BAD838007DBC1F /* Qblue.png */,
				836DA57A18BAD6C2007DBC1F /* Qwhite.png */,
				833403E318C6614E00A8B6E0 /* NotificationLogo.png */,
				9CE2280C189BB2E6008C6DDB /* i5man.png */,
				9CE2280D189BB2E6008C6DDB /* i5woman.png */,
				9CE22808189BAAE4008C6DDB /* i6man.png */,
				9CE22809189BAAE4008C6DDB /* i6woman.png */,
				9CE22812189C003E008C6DDB /* GQLogo.png */,
				837423B91818B25D000FCC76 /* InfoPlist.strings */,
				837423BC1818B25D000FCC76 /* main.m */,
				837423BE1818B25D000FCC76 /* GameQ-Stationary-Prefix.pch */,
				837423BF1818B25D000FCC76 /* Credits.rtf */,
			);
			name = "Supporting Files";
			sourceTree = "<group>";
		};
/* End PBXGroup section */

/* Begin PBXNativeTarget section */
		837423AC1818B25D000FCC76 /* GameQ-Stationary */ = {
			isa = PBXNativeTarget;
			buildConfigurationList = 837423E11818B25D000FCC76 /* Build configuration list for PBXNativeTarget "GameQ-Stationary" */;
			buildPhases = (
				837423A91818B25D000FCC76 /* Sources */,
				837423AA1818B25D000FCC76 /* Frameworks */,
				837423AB1818B25D000FCC76 /* Resources */,
			);
			buildRules = (
			);
			dependencies = (
			);
			name = "GameQ-Stationary";
			productName = testtest;
			productReference = 837423AD1818B25D000FCC76 /* GameQ-Stationary.app */;
			productType = "com.apple.product-type.application";
		};
		837423D01818B25D000FCC76 /* GameQ-StationaryTests */ = {
			isa = PBXNativeTarget;
			buildConfigurationList = 837423E41818B25D000FCC76 /* Build configuration list for PBXNativeTarget "GameQ-StationaryTests" */;
			buildPhases = (
				837423CD1818B25D000FCC76 /* Sources */,
				837423CE1818B25D000FCC76 /* Frameworks */,
				837423CF1818B25D000FCC76 /* Resources */,
			);
			buildRules = (
			);
			dependencies = (
				837423D61818B25D000FCC76 /* PBXTargetDependency */,
			);
			name = "GameQ-StationaryTests";
			productName = testtestTests;
			productReference = 837423D11818B25D000FCC76 /* GameQ-StationaryTests.xctest */;
			productType = "com.apple.product-type.bundle.unit-test";
		};
/* End PBXNativeTarget section */

/* Begin PBXProject section */
		837423A51818B25D000FCC76 /* Project object */ = {
			isa = PBXProject;
			attributes = {
				CLASSPREFIX = LVF;
				LastUpgradeCheck = 0500;
				ORGANIZATIONNAME = "Ludvig Fröberg";
				TargetAttributes = {
					837423AC1818B25D000FCC76 = {
						DevelopmentTeam = NZ5DEAP476;
					};
					837423D01818B25D000FCC76 = {
						TestTargetID = 837423AC1818B25D000FCC76;
					};
				};
			};
			buildConfigurationList = 837423A81818B25D000FCC76 /* Build configuration list for PBXProject "GameQ-Stationary" */;
			compatibilityVersion = "Xcode 3.2";
			developmentRegion = English;
			hasScannedForEncodings = 0;
			knownRegions = (
				en,
				Base,
			);
			mainGroup = 837423A41818B25D000FCC76;
			productRefGroup = 837423AE1818B25D000FCC76 /* Products */;
			projectDirPath = "";
			projectRoot = "";
			targets = (
				837423AC1818B25D000FCC76 /* GameQ-Stationary */,
				837423D01818B25D000FCC76 /* GameQ-StationaryTests */,
			);
		};
/* End PBXProject section */

/* Begin PBXResourcesBuildPhase section */
		837423AB1818B25D000FCC76 /* Resources */ = {
			isa = PBXResourcesBuildPhase;
			buildActionMask = 2147483647;
			files = (
				837423BB1818B25D000FCC76 /* InfoPlist.strings in Resources */,
				833403E418C6614E00A8B6E0 /* NotificationLogo.png in Resources */,
				836DA58718BADD4B007DBC1F /* GameQ.png in Resources */,
				9CE2280F189BB2E6008C6DDB /* i5woman.png in Resources */,
				836DA57B18BAD6C2007DBC1F /* Qblack.png in Resources */,
				9CE2280B189BAAE4008C6DDB /* i6woman.png in Resources */,
				837423CC1818B25D000FCC76 /* Images.xcassets in Resources */,
				9CE22813189C003E008C6DDB /* GQLogo.png in Resources */,
				836DA57D18BAD6C2007DBC1F /* Qwhite.png in Resources */,
				837423C11818B25D000FCC76 /* Credits.rtf in Resources */,
				837423C71818B25D000FCC76 /* MainMenu.xib in Resources */,
				836DA57318BAD24A007DBC1F /* Gray.png in Resources */,
				9CE2280E189BB2E6008C6DDB /* i5man.png in Resources */,
				9CE2280A189BAAE4008C6DDB /* i6man.png in Resources */,
				836DA58318BAD838007DBC1F /* Qblue.png in Resources */,
			);
			runOnlyForDeploymentPostprocessing = 0;
		};
		837423CF1818B25D000FCC76 /* Resources */ = {
			isa = PBXResourcesBuildPhase;
			buildActionMask = 2147483647;
			files = (
			);
			runOnlyForDeploymentPostprocessing = 0;
		};
/* End PBXResourcesBuildPhase section */

/* Begin PBXSourcesBuildPhase section */
		837423A91818B25D000FCC76 /* Sources */ = {
			isa = PBXSourcesBuildPhase;
			buildActionMask = 2147483647;
			files = (
				837423CA1818B25D000FCC76 /* GameQ-Stationary.xcdatamodeld in Sources */,
				837423F61818B30E000FCC76 /* LVFConnect.m in Sources */,
				83EF17891888D0DF00057F36 /* LVFBuffer.m in Sources */,
				8311E3F61848F4E20011212C /* LVFKeyChain.m in Sources */,
				837423BD1818B25D000FCC76 /* main.m in Sources */,
				837423F41818B30E000FCC76 /* NSString+SHA256.m in Sources */,
				837423F71818B30E000FCC76 /* LVFDataModel.m in Sources */,
				837423F51818B30E000FCC76 /* LVFConnections.m in Sources */,
				837423C41818B25D000FCC76 /* LVFAppDelegate.m in Sources */,
				837423F81818B30E000FCC76 /* LVFDefinitions.m in Sources */,
				833F06E018B678ED00C2B980 /* LVFWindowViewSubclass.m in Sources */,
				8338311F18633840003E4493 /* SSKeychain.m in Sources */,
				9CE22807189B9FEF008C6DDB /* LVFWindowHandler.m in Sources */,
			);
			runOnlyForDeploymentPostprocessing = 0;
		};
		837423CD1818B25D000FCC76 /* Sources */ = {
			isa = PBXSourcesBuildPhase;
			buildActionMask = 2147483647;
			files = (
			);
			runOnlyForDeploymentPostprocessing = 0;
		};
/* End PBXSourcesBuildPhase section */

/* Begin PBXTargetDependency section */
		837423D61818B25D000FCC76 /* PBXTargetDependency */ = {
			isa = PBXTargetDependency;
			target = 837423AC1818B25D000FCC76 /* GameQ-Stationary */;
			targetProxy = 837423D51818B25D000FCC76 /* PBXContainerItemProxy */;
		};
/* End PBXTargetDependency section */

/* Begin PBXVariantGroup section */
		837423B91818B25D000FCC76 /* InfoPlist.strings */ = {
			isa = PBXVariantGroup;
			children = (
				837423BA1818B25D000FCC76 /* en */,
			);
			name = InfoPlist.strings;
			sourceTree = "<group>";
		};
		837423BF1818B25D000FCC76 /* Credits.rtf */ = {
			isa = PBXVariantGroup;
			children = (
				837423C01818B25D000FCC76 /* en */,
			);
			name = Credits.rtf;
			sourceTree = "<group>";
		};
		837423C51818B25D000FCC76 /* MainMenu.xib */ = {
			isa = PBXVariantGroup;
			children = (
				837423C61818B25D000FCC76 /* Base */,
			);
			name = MainMenu.xib;
			sourceTree = "<group>";
		};
/* End PBXVariantGroup section */

/* Begin XCBuildConfiguration section */
		837423DF1818B25D000FCC76 /* Debug */ = {
			isa = XCBuildConfiguration;
			buildSettings = {
				ALWAYS_SEARCH_USER_PATHS = NO;
				CLANG_CXX_LANGUAGE_STANDARD = "gnu++0x";
				CLANG_CXX_LIBRARY = "libc++";
				CLANG_ENABLE_OBJC_ARC = YES;
				CLANG_WARN_BOOL_CONVERSION = YES;
				CLANG_WARN_CONSTANT_CONVERSION = YES;
				CLANG_WARN_DIRECT_OBJC_ISA_USAGE = YES_ERROR;
				CLANG_WARN_EMPTY_BODY = YES;
				CLANG_WARN_ENUM_CONVERSION = YES;
				CLANG_WARN_INT_CONVERSION = YES;
				CLANG_WARN_OBJC_ROOT_CLASS = YES_ERROR;
				CLANG_WARN__DUPLICATE_METHOD_MATCH = YES;
				COPY_PHASE_STRIP = NO;
				GCC_C_LANGUAGE_STANDARD = gnu99;
				GCC_DYNAMIC_NO_PIC = NO;
				GCC_ENABLE_OBJC_EXCEPTIONS = YES;
				GCC_OPTIMIZATION_LEVEL = 0;
				GCC_PREPROCESSOR_DEFINITIONS = (
					"DEBUG=1",
					"$(inherited)",
				);
				GCC_SYMBOLS_PRIVATE_EXTERN = NO;
				GCC_WARN_64_TO_32_BIT_CONVERSION = YES;
				GCC_WARN_ABOUT_RETURN_TYPE = YES_ERROR;
				GCC_WARN_UNDECLARED_SELECTOR = YES;
				GCC_WARN_UNINITIALIZED_AUTOS = YES;
				GCC_WARN_UNUSED_FUNCTION = YES;
				GCC_WARN_UNUSED_VARIABLE = YES;
				MACOSX_DEPLOYMENT_TARGET = 10.8;
				ONLY_ACTIVE_ARCH = YES;
				SDKROOT = macosx;
				STRIP_INSTALLED_PRODUCT = YES;
			};
			name = Debug;
		};
		837423E01818B25D000FCC76 /* Release */ = {
			isa = XCBuildConfiguration;
			buildSettings = {
				ALWAYS_SEARCH_USER_PATHS = NO;
				CLANG_CXX_LANGUAGE_STANDARD = "gnu++0x";
				CLANG_CXX_LIBRARY = "libc++";
				CLANG_ENABLE_OBJC_ARC = YES;
				CLANG_WARN_BOOL_CONVERSION = YES;
				CLANG_WARN_CONSTANT_CONVERSION = YES;
				CLANG_WARN_DIRECT_OBJC_ISA_USAGE = YES_ERROR;
				CLANG_WARN_EMPTY_BODY = YES;
				CLANG_WARN_ENUM_CONVERSION = YES;
				CLANG_WARN_INT_CONVERSION = YES;
				CLANG_WARN_OBJC_ROOT_CLASS = YES_ERROR;
				CLANG_WARN__DUPLICATE_METHOD_MATCH = YES;
				COPY_PHASE_STRIP = YES;
				DEBUG_INFORMATION_FORMAT = "dwarf-with-dsym";
				ENABLE_NS_ASSERTIONS = NO;
				GCC_C_LANGUAGE_STANDARD = gnu99;
				GCC_ENABLE_OBJC_EXCEPTIONS = YES;
				GCC_WARN_64_TO_32_BIT_CONVERSION = YES;
				GCC_WARN_ABOUT_RETURN_TYPE = YES_ERROR;
				GCC_WARN_UNDECLARED_SELECTOR = YES;
				GCC_WARN_UNINITIALIZED_AUTOS = YES;
				GCC_WARN_UNUSED_FUNCTION = YES;
				GCC_WARN_UNUSED_VARIABLE = YES;
				MACOSX_DEPLOYMENT_TARGET = 10.8;
				SDKROOT = macosx;
				STRIP_INSTALLED_PRODUCT = YES;
			};
			name = Release;
		};
		837423E21818B25D000FCC76 /* Debug */ = {
			isa = XCBuildConfiguration;
			buildSettings = {
				ASSETCATALOG_COMPILER_APPICON_NAME = AppIcon;
				"CODE_SIGN_IDENTITY[sdk=macosx*]" = "Mac Developer";
				COMBINE_HIDPI_IMAGES = YES;
				GCC_PRECOMPILE_PREFIX_HEADER = YES;
				GCC_PREFIX_HEADER = "GameQ-Stationary/GameQ-Stationary-Prefix.pch";
				GCC_WARN_UNUSED_FUNCTION = NO;
				INFOPLIST_FILE = "GameQ-Stationary/GameQ-Stationary-Info.plist";
				PRODUCT_NAME = "GameQ-Stationary";
				PROVISIONING_PROFILE = "";
				WRAPPER_EXTENSION = app;
			};
			name = Debug;
		};
		837423E31818B25D000FCC76 /* Release */ = {
			isa = XCBuildConfiguration;
			buildSettings = {
				ASSETCATALOG_COMPILER_APPICON_NAME = AppIcon;
				"CODE_SIGN_IDENTITY[sdk=macosx*]" = "Mac Developer";
				COMBINE_HIDPI_IMAGES = YES;
				GCC_PRECOMPILE_PREFIX_HEADER = YES;
				GCC_PREFIX_HEADER = "GameQ-Stationary/GameQ-Stationary-Prefix.pch";
				GCC_WARN_UNUSED_FUNCTION = NO;
				INFOPLIST_FILE = "GameQ-Stationary/GameQ-Stationary-Info.plist";
				PRODUCT_NAME = "GameQ-Stationary";
				PROVISIONING_PROFILE = "";
				WRAPPER_EXTENSION = app;
			};
			name = Release;
		};
		837423E51818B25D000FCC76 /* Debug */ = {
			isa = XCBuildConfiguration;
			buildSettings = {
				BUNDLE_LOADER = "$(BUILT_PRODUCTS_DIR)/testtest.app/Contents/MacOS/testtest";
				COMBINE_HIDPI_IMAGES = YES;
				FRAMEWORK_SEARCH_PATHS = (
					"$(DEVELOPER_FRAMEWORKS_DIR)",
					"$(inherited)",
				);
				GCC_PRECOMPILE_PREFIX_HEADER = YES;
				GCC_PREFIX_HEADER = "testtest/testtest-Prefix.pch";
				GCC_PREPROCESSOR_DEFINITIONS = (
					"DEBUG=1",
					"$(inherited)",
				);
				INFOPLIST_FILE = "testtestTests/GameQ-StationaryTests-Info.plist";
				PRODUCT_NAME = "GameQ-StationaryTests";
				TEST_HOST = "$(BUNDLE_LOADER)";
				WRAPPER_EXTENSION = xctest;
			};
			name = Debug;
		};
		837423E61818B25D000FCC76 /* Release */ = {
			isa = XCBuildConfiguration;
			buildSettings = {
				BUNDLE_LOADER = "$(BUILT_PRODUCTS_DIR)/testtest.app/Contents/MacOS/testtest";
				COMBINE_HIDPI_IMAGES = YES;
				FRAMEWORK_SEARCH_PATHS = (
					"$(DEVELOPER_FRAMEWORKS_DIR)",
					"$(inherited)",
				);
				GCC_PRECOMPILE_PREFIX_HEADER = YES;
				GCC_PREFIX_HEADER = "testtest/testtest-Prefix.pch";
				INFOPLIST_FILE = "testtestTests/GameQ-StationaryTests-Info.plist";
				PRODUCT_NAME = "GameQ-StationaryTests";
				TEST_HOST = "$(BUNDLE_LOADER)";
				WRAPPER_EXTENSION = xctest;
			};
			name = Release;
		};
/* End XCBuildConfiguration section */

/* Begin XCConfigurationList section */
		837423A81818B25D000FCC76 /* Build configuration list for PBXProject "GameQ-Stationary" */ = {
			isa = XCConfigurationList;
			buildConfigurations = (
				837423DF1818B25D000FCC76 /* Debug */,
				837423E01818B25D000FCC76 /* Release */,
			);
			defaultConfigurationIsVisible = 0;
			defaultConfigurationName = Release;
		};
		837423E11818B25D000FCC76 /* Build configuration list for PBXNativeTarget "GameQ-Stationary" */ = {
			isa = XCConfigurationList;
			buildConfigurations = (
				837423E21818B25D000FCC76 /* Debug */,
				837423E31818B25D000FCC76 /* Release */,
			);
			defaultConfigurationIsVisible = 0;
			defaultConfigurationName = Release;
		};
		837423E41818B25D000FCC76 /* Build configuration list for PBXNativeTarget "GameQ-StationaryTests" */ = {
			isa = XCConfigurationList;
			buildConfigurations = (
				837423E51818B25D000FCC76 /* Debug */,
				837423E61818B25D000FCC76 /* Release */,
			);
			defaultConfigurationIsVisible = 0;
			defaultConfigurationName = Release;
		};
/* End XCConfigurationList section */

/* Begin XCVersionGroup section */
		837423C81818B25D000FCC76 /* GameQ-Stationary.xcdatamodeld */ = {
			isa = XCVersionGroup;
			children = (
				837423C91818B25D000FCC76 /* GameQ-Stationary.xcdatamodel */,
			);
			currentVersion = 837423C91818B25D000FCC76 /* GameQ-Stationary.xcdatamodel */;
			path = "GameQ-Stationary.xcdatamodeld";
			sourceTree = "<group>";
			versionGroupType = wrapper.xcdatamodel;
		};
/* End XCVersionGroup section */
	};
	rootObject = 837423A51818B25D000FCC76 /* Project object */;
}
