// !$*UTF8*$!
{
	archiveVersion = 1;
	classes = {
	};
	objectVersion = 46;
	objects = {

/* Begin PBXBuildFile section */
		8311E3F61848F4E20011212C /* LVFKeyChain.m in Sources */ = {isa = PBXBuildFile; fileRef = 8311E3F51848F4E20011212C /* LVFKeyChain.m */; };
		8311E3FE184927FA0011212C /* Security.framework in Frameworks */ = {isa = PBXBuildFile; fileRef = 8311E3FD184927FA0011212C /* Security.framework */; };
		8311E42A184B7BB70011212C /* Abstract.php in Resources */ = {isa = PBXBuildFile; fileRef = 8311E40B184B7BB70011212C /* Abstract.php */; };
		8311E42B184B7BB70011212C /* Autoload.php in Resources */ = {isa = PBXBuildFile; fileRef = 8311E40C184B7BB70011212C /* Autoload.php */; };
		8311E42C184B7BB70011212C /* Exception.php in Resources */ = {isa = PBXBuildFile; fileRef = 8311E40D184B7BB70011212C /* Exception.php */; };
		8311E42D184B7BB70011212C /* Feedback.php in Resources */ = {isa = PBXBuildFile; fileRef = 8311E40E184B7BB70011212C /* Feedback.php */; };
		8311E42E184B7BB70011212C /* Embedded.php in Resources */ = {isa = PBXBuildFile; fileRef = 8311E410184B7BB70011212C /* Embedded.php */; };
		8311E42F184B7BB70011212C /* Interface.php in Resources */ = {isa = PBXBuildFile; fileRef = 8311E411184B7BB70011212C /* Interface.php */; };
		8311E430184B7BB70011212C /* Custom.php in Resources */ = {isa = PBXBuildFile; fileRef = 8311E413184B7BB70011212C /* Custom.php */; };
		8311E431184B7BB70011212C /* Exception.php in Resources */ = {isa = PBXBuildFile; fileRef = 8311E414184B7BB70011212C /* Exception.php */; };
		8311E432184B7BB70011212C /* Message.php in Resources */ = {isa = PBXBuildFile; fileRef = 8311E415184B7BB70011212C /* Message.php */; };
		8311E433184B7BB70011212C /* Exception.php in Resources */ = {isa = PBXBuildFile; fileRef = 8311E417184B7BB70011212C /* Exception.php */; };
		8311E434184B7BB70011212C /* Exception.php in Resources */ = {isa = PBXBuildFile; fileRef = 8311E419184B7BB70011212C /* Exception.php */; };
		8311E435184B7BB70011212C /* Server.php in Resources */ = {isa = PBXBuildFile; fileRef = 8311E41A184B7BB70011212C /* Server.php */; };
		8311E436184B7BB70011212C /* Push.php in Resources */ = {isa = PBXBuildFile; fileRef = 8311E41B184B7BB70011212C /* Push.php */; };
		8311E437184B7BB70011212C /* chkSecret copy.php in Resources */ = {isa = PBXBuildFile; fileRef = 8311E41C184B7BB70011212C /* chkSecret copy.php */; };
		8311E438184B7BB70011212C /* connect.php in Resources */ = {isa = PBXBuildFile; fileRef = 8311E41D184B7BB70011212C /* connect.php */; };
		8311E439184B7BB70011212C /* getSecret.php in Resources */ = {isa = PBXBuildFile; fileRef = 8311E41E184B7BB70011212C /* getSecret.php */; };
		8311E43A184B7BB70011212C /* logging.php in Resources */ = {isa = PBXBuildFile; fileRef = 8311E420184B7BB70011212C /* logging.php */; };
		8311E43B184B7BB70011212C /* methods.php in Resources */ = {isa = PBXBuildFile; fileRef = 8311E421184B7BB70011212C /* methods.php */; };
		8311E43C184B7BB70011212C /* push.php in Resources */ = {isa = PBXBuildFile; fileRef = 8311E422184B7BB70011212C /* push.php */; };
		8311E43D184B7BB70011212C /* regging.php in Resources */ = {isa = PBXBuildFile; fileRef = 8311E423184B7BB70011212C /* regging.php */; };
		8311E43E184B7BB70011212C /* signing.php in Resources */ = {isa = PBXBuildFile; fileRef = 8311E424184B7BB70011212C /* signing.php */; };
		8311E43F184B7BB70011212C /* softPush.php in Resources */ = {isa = PBXBuildFile; fileRef = 8311E425184B7BB70011212C /* softPush.php */; };
		8311E440184B7BB70011212C /* updateDraw.php in Resources */ = {isa = PBXBuildFile; fileRef = 8311E426184B7BB70011212C /* updateDraw.php */; };
		8311E441184B7BB70011212C /* updateMe.php in Resources */ = {isa = PBXBuildFile; fileRef = 8311E427184B7BB70011212C /* updateMe.php */; };
		8311E442184B7BB70011212C /* upMacToken.php in Resources */ = {isa = PBXBuildFile; fileRef = 8311E428184B7BB70011212C /* upMacToken.php */; };
		8311E443184B7BB70011212C /* upToken.php in Resources */ = {isa = PBXBuildFile; fileRef = 8311E429184B7BB70011212C /* upToken.php */; };
		8338311F18633840003E4493 /* SSKeychain.m in Sources */ = {isa = PBXBuildFile; fileRef = 8338311E18633840003E4493 /* SSKeychain.m */; };
		837423B11818B25D000FCC76 /* Cocoa.framework in Frameworks */ = {isa = PBXBuildFile; fileRef = 837423B01818B25D000FCC76 /* Cocoa.framework */; };
		837423BB1818B25D000FCC76 /* InfoPlist.strings in Resources */ = {isa = PBXBuildFile; fileRef = 837423B91818B25D000FCC76 /* InfoPlist.strings */; };
		837423BD1818B25D000FCC76 /* main.m in Sources */ = {isa = PBXBuildFile; fileRef = 837423BC1818B25D000FCC76 /* main.m */; };
		837423C11818B25D000FCC76 /* Credits.rtf in Resources */ = {isa = PBXBuildFile; fileRef = 837423BF1818B25D000FCC76 /* Credits.rtf */; };
		837423C41818B25D000FCC76 /* LVFAppDelegate.m in Sources */ = {isa = PBXBuildFile; fileRef = 837423C31818B25D000FCC76 /* LVFAppDelegate.m */; };
		837423C71818B25D000FCC76 /* MainMenu.xib in Resources */ = {isa = PBXBuildFile; fileRef = 837423C51818B25D000FCC76 /* MainMenu.xib */; };
		837423CA1818B25D000FCC76 /* GameQ-Stationary.xcdatamodeld in Sources */ = {isa = PBXBuildFile; fileRef = 837423C81818B25D000FCC76 /* GameQ-Stationary.xcdatamodeld */; };
		837423CC1818B25D000FCC76 /* Images.xcassets in Resources */ = {isa = PBXBuildFile; fileRef = 837423CB1818B25D000FCC76 /* Images.xcassets */; };
		837423D31818B25D000FCC76 /* XCTest.framework in Frameworks */ = {isa = PBXBuildFile; fileRef = 837423D21818B25D000FCC76 /* XCTest.framework */; };
		837423D41818B25D000FCC76 /* Cocoa.framework in Frameworks */ = {isa = PBXBuildFile; fileRef = 837423B01818B25D000FCC76 /* Cocoa.framework */; };
		837423DC1818B25D000FCC76 /* InfoPlist.strings in Resources */ = {isa = PBXBuildFile; fileRef = 837423DA1818B25D000FCC76 /* InfoPlist.strings */; };
		837423DE1818B25D000FCC76 /* GameQ-StationaryTests.m in Sources */ = {isa = PBXBuildFile; fileRef = 837423DD1818B25D000FCC76 /* GameQ-StationaryTests.m */; };
		837423E81818B2CF000FCC76 /* libpcap.dylib in Frameworks */ = {isa = PBXBuildFile; fileRef = 837423E71818B2CF000FCC76 /* libpcap.dylib */; };
		837423F41818B30E000FCC76 /* NSString+MD5.m in Sources */ = {isa = PBXBuildFile; fileRef = 837423EB1818B30E000FCC76 /* NSString+MD5.m */; };
		837423F51818B30E000FCC76 /* LVFConnections.m in Sources */ = {isa = PBXBuildFile; fileRef = 837423ED1818B30E000FCC76 /* LVFConnections.m */; };
		837423F61818B30E000FCC76 /* LVFConnect.m in Sources */ = {isa = PBXBuildFile; fileRef = 837423EF1818B30E000FCC76 /* LVFConnect.m */; };
		837423F71818B30E000FCC76 /* LVFDataModel.m in Sources */ = {isa = PBXBuildFile; fileRef = 837423F11818B30E000FCC76 /* LVFDataModel.m */; };
		837423F81818B30E000FCC76 /* LVFDefinitions.m in Sources */ = {isa = PBXBuildFile; fileRef = 837423F31818B30E000FCC76 /* LVFDefinitions.m */; };
		83EF17891888D0DF00057F36 /* LVFBuffer.m in Sources */ = {isa = PBXBuildFile; fileRef = 83EF17881888D0DF00057F36 /* LVFBuffer.m */; };
		9CE22801189B9961008C6DDB /* Qblack.png in Resources */ = {isa = PBXBuildFile; fileRef = 9CE227FF189B9961008C6DDB /* Qblack.png */; };
		9CE22802189B9961008C6DDB /* Qwhite.png in Resources */ = {isa = PBXBuildFile; fileRef = 9CE22800189B9961008C6DDB /* Qwhite.png */; };
		9CE22804189B9BAC008C6DDB /* Qblue.png in Resources */ = {isa = PBXBuildFile; fileRef = 9CE22803189B9BAC008C6DDB /* Qblue.png */; };
		9CE22807189B9FEF008C6DDB /* LVFWindowHandler.m in Sources */ = {isa = PBXBuildFile; fileRef = 9CE22806189B9FEF008C6DDB /* LVFWindowHandler.m */; };
		9CE2280A189BAAE4008C6DDB /* i6man.png in Resources */ = {isa = PBXBuildFile; fileRef = 9CE22808189BAAE4008C6DDB /* i6man.png */; };
		9CE2280B189BAAE4008C6DDB /* i6woman.png in Resources */ = {isa = PBXBuildFile; fileRef = 9CE22809189BAAE4008C6DDB /* i6woman.png */; };
		9CE2280E189BB2E6008C6DDB /* i5man.png in Resources */ = {isa = PBXBuildFile; fileRef = 9CE2280C189BB2E6008C6DDB /* i5man.png */; };
		9CE2280F189BB2E6008C6DDB /* i5woman.png in Resources */ = {isa = PBXBuildFile; fileRef = 9CE2280D189BB2E6008C6DDB /* i5woman.png */; };
/* End PBXBuildFile section */

/* Begin PBXContainerItemProxy section */
		837423D51818B25D000FCC76 /* PBXContainerItemProxy */ = {
			isa = PBXContainerItemProxy;
			containerPortal = 837423A51818B25D000FCC76 /* Project object */;
			proxyType = 1;
			remoteGlobalIDString = 837423AC1818B25D000FCC76;
			remoteInfo = testtest;
		};
/* End PBXContainerItemProxy section */

/* Begin PBXFileReference section */
		8311E3F41848F4E20011212C /* LVFKeyChain.h */ = {isa = PBXFileReference; fileEncoding = 4; lastKnownFileType = sourcecode.c.h; path = LVFKeyChain.h; sourceTree = "<group>"; };
		8311E3F51848F4E20011212C /* LVFKeyChain.m */ = {isa = PBXFileReference; fileEncoding = 4; lastKnownFileType = sourcecode.c.objc; path = LVFKeyChain.m; sourceTree = "<group>"; };
		8311E3FD184927FA0011212C /* Security.framework */ = {isa = PBXFileReference; lastKnownFileType = wrapper.framework; name = Security.framework; path = System/Library/Frameworks/Security.framework; sourceTree = SDKROOT; };
		8311E40B184B7BB70011212C /* Abstract.php */ = {isa = PBXFileReference; fileEncoding = 4; lastKnownFileType = text.script.php; path = Abstract.php; sourceTree = "<group>"; };
		8311E40C184B7BB70011212C /* Autoload.php */ = {isa = PBXFileReference; fileEncoding = 4; lastKnownFileType = text.script.php; path = Autoload.php; sourceTree = "<group>"; };
		8311E40D184B7BB70011212C /* Exception.php */ = {isa = PBXFileReference; fileEncoding = 4; lastKnownFileType = text.script.php; path = Exception.php; sourceTree = "<group>"; };
		8311E40E184B7BB70011212C /* Feedback.php */ = {isa = PBXFileReference; fileEncoding = 4; lastKnownFileType = text.script.php; path = Feedback.php; sourceTree = "<group>"; };
		8311E410184B7BB70011212C /* Embedded.php */ = {isa = PBXFileReference; fileEncoding = 4; lastKnownFileType = text.script.php; path = Embedded.php; sourceTree = "<group>"; };
		8311E411184B7BB70011212C /* Interface.php */ = {isa = PBXFileReference; fileEncoding = 4; lastKnownFileType = text.script.php; path = Interface.php; sourceTree = "<group>"; };
		8311E413184B7BB70011212C /* Custom.php */ = {isa = PBXFileReference; fileEncoding = 4; lastKnownFileType = text.script.php; path = Custom.php; sourceTree = "<group>"; };
		8311E414184B7BB70011212C /* Exception.php */ = {isa = PBXFileReference; fileEncoding = 4; lastKnownFileType = text.script.php; path = Exception.php; sourceTree = "<group>"; };
		8311E415184B7BB70011212C /* Message.php */ = {isa = PBXFileReference; fileEncoding = 4; lastKnownFileType = text.script.php; path = Message.php; sourceTree = "<group>"; };
		8311E417184B7BB70011212C /* Exception.php */ = {isa = PBXFileReference; fileEncoding = 4; lastKnownFileType = text.script.php; path = Exception.php; sourceTree = "<group>"; };
		8311E419184B7BB70011212C /* Exception.php */ = {isa = PBXFileReference; fileEncoding = 4; lastKnownFileType = text.script.php; path = Exception.php; sourceTree = "<group>"; };
		8311E41A184B7BB70011212C /* Server.php */ = {isa = PBXFileReference; fileEncoding = 4; lastKnownFileType = text.script.php; path = Server.php; sourceTree = "<group>"; };
		8311E41B184B7BB70011212C /* Push.php */ = {isa = PBXFileReference; fileEncoding = 4; lastKnownFileType = text.script.php; path = Push.php; sourceTree = "<group>"; };
		8311E41C184B7BB70011212C /* chkSecret copy.php */ = {isa = PBXFileReference; fileEncoding = 4; lastKnownFileType = text.script.php; path = "chkSecret copy.php"; sourceTree = "<group>"; };
		8311E41D184B7BB70011212C /* connect.php */ = {isa = PBXFileReference; fileEncoding = 4; lastKnownFileType = text.script.php; path = connect.php; sourceTree = "<group>"; };
		8311E41E184B7BB70011212C /* getSecret.php */ = {isa = PBXFileReference; fileEncoding = 4; lastKnownFileType = text.script.php; path = getSecret.php; sourceTree = "<group>"; };
		8311E420184B7BB70011212C /* logging.php */ = {isa = PBXFileReference; fileEncoding = 4; lastKnownFileType = text.script.php; path = logging.php; sourceTree = "<group>"; };
		8311E421184B7BB70011212C /* methods.php */ = {isa = PBXFileReference; fileEncoding = 4; lastKnownFileType = text.script.php; path = methods.php; sourceTree = "<group>"; };
		8311E422184B7BB70011212C /* push.php */ = {isa = PBXFileReference; fileEncoding = 4; lastKnownFileType = text.script.php; path = push.php; sourceTree = "<group>"; };
		8311E423184B7BB70011212C /* regging.php */ = {isa = PBXFileReference; fileEncoding = 4; lastKnownFileType = text.script.php; path = regging.php; sourceTree = "<group>"; };
		8311E424184B7BB70011212C /* signing.php */ = {isa = PBXFileReference; fileEncoding = 4; lastKnownFileType = text.script.php; path = signing.php; sourceTree = "<group>"; };
		8311E425184B7BB70011212C /* softPush.php */ = {isa = PBXFileReference; fileEncoding = 4; lastKnownFileType = text.script.php; path = softPush.php; sourceTree = "<group>"; };
		8311E426184B7BB70011212C /* updateDraw.php */ = {isa = PBXFileReference; fileEncoding = 4; lastKnownFileType = text.script.php; path = updateDraw.php; sourceTree = "<group>"; };
		8311E427184B7BB70011212C /* updateMe.php */ = {isa = PBXFileReference; fileEncoding = 4; lastKnownFileType = text.script.php; path = updateMe.php; sourceTree = "<group>"; };
		8311E428184B7BB70011212C /* upMacToken.php */ = {isa = PBXFileReference; fileEncoding = 4; lastKnownFileType = text.script.php; path = upMacToken.php; sourceTree = "<group>"; };
		8311E429184B7BB70011212C /* upToken.php */ = {isa = PBXFileReference; fileEncoding = 4; lastKnownFileType = text.script.php; path = upToken.php; sourceTree = "<group>"; };
		8338311D18633840003E4493 /* SSKeychain.h */ = {isa = PBXFileReference; fileEncoding = 4; lastKnownFileType = sourcecode.c.h; path = SSKeychain.h; sourceTree = "<group>"; };
		8338311E18633840003E4493 /* SSKeychain.m */ = {isa = PBXFileReference; fileEncoding = 4; lastKnownFileType = sourcecode.c.objc; path = SSKeychain.m; sourceTree = "<group>"; };
		837423AD1818B25D000FCC76 /* GameQ-Stationary.app */ = {isa = PBXFileReference; explicitFileType = wrapper.application; includeInIndex = 0; path = "GameQ-Stationary.app"; sourceTree = BUILT_PRODUCTS_DIR; };
		837423B01818B25D000FCC76 /* Cocoa.framework */ = {isa = PBXFileReference; lastKnownFileType = wrapper.framework; name = Cocoa.framework; path = System/Library/Frameworks/Cocoa.framework; sourceTree = SDKROOT; };
		837423B31818B25D000FCC76 /* AppKit.framework */ = {isa = PBXFileReference; lastKnownFileType = wrapper.framework; name = AppKit.framework; path = System/Library/Frameworks/AppKit.framework; sourceTree = SDKROOT; };
		837423B41818B25D000FCC76 /* CoreData.framework */ = {isa = PBXFileReference; lastKnownFileType = wrapper.framework; name = CoreData.framework; path = System/Library/Frameworks/CoreData.framework; sourceTree = SDKROOT; };
		837423B51818B25D000FCC76 /* Foundation.framework */ = {isa = PBXFileReference; lastKnownFileType = wrapper.framework; name = Foundation.framework; path = System/Library/Frameworks/Foundation.framework; sourceTree = SDKROOT; };
		837423B81818B25D000FCC76 /* GameQ-Stationary-Info.plist */ = {isa = PBXFileReference; lastKnownFileType = text.plist.xml; path = "GameQ-Stationary-Info.plist"; sourceTree = "<group>"; };
		837423BA1818B25D000FCC76 /* en */ = {isa = PBXFileReference; lastKnownFileType = text.plist.strings; name = en; path = en.lproj/InfoPlist.strings; sourceTree = "<group>"; };
		837423BC1818B25D000FCC76 /* main.m */ = {isa = PBXFileReference; lastKnownFileType = sourcecode.c.objc; path = main.m; sourceTree = "<group>"; };
		837423BE1818B25D000FCC76 /* GameQ-Stationary-Prefix.pch */ = {isa = PBXFileReference; lastKnownFileType = sourcecode.c.h; path = "GameQ-Stationary-Prefix.pch"; sourceTree = "<group>"; };
		837423C01818B25D000FCC76 /* en */ = {isa = PBXFileReference; lastKnownFileType = text.rtf; name = en; path = en.lproj/Credits.rtf; sourceTree = "<group>"; };
		837423C21818B25D000FCC76 /* LVFAppDelegate.h */ = {isa = PBXFileReference; lastKnownFileType = sourcecode.c.h; path = LVFAppDelegate.h; sourceTree = "<group>"; };
		837423C31818B25D000FCC76 /* LVFAppDelegate.m */ = {isa = PBXFileReference; lastKnownFileType = sourcecode.c.objc; path = LVFAppDelegate.m; sourceTree = "<group>"; };
		837423C61818B25D000FCC76 /* Base */ = {isa = PBXFileReference; lastKnownFileType = file.xib; name = Base; path = Base.lproj/MainMenu.xib; sourceTree = "<group>"; };
		837423C91818B25D000FCC76 /* GameQ-Stationary.xcdatamodel */ = {isa = PBXFileReference; lastKnownFileType = wrapper.xcdatamodel; path = "GameQ-Stationary.xcdatamodel"; sourceTree = "<group>"; };
		837423CB1818B25D000FCC76 /* Images.xcassets */ = {isa = PBXFileReference; lastKnownFileType = folder.assetcatalog; path = Images.xcassets; sourceTree = "<group>"; };
		837423D11818B25D000FCC76 /* GameQ-StationaryTests.xctest */ = {isa = PBXFileReference; explicitFileType = wrapper.cfbundle; includeInIndex = 0; path = "GameQ-StationaryTests.xctest"; sourceTree = BUILT_PRODUCTS_DIR; };
		837423D21818B25D000FCC76 /* XCTest.framework */ = {isa = PBXFileReference; lastKnownFileType = wrapper.framework; name = XCTest.framework; path = Library/Frameworks/XCTest.framework; sourceTree = DEVELOPER_DIR; };
		837423D91818B25D000FCC76 /* GameQ-StationaryTests-Info.plist */ = {isa = PBXFileReference; lastKnownFileType = text.plist.xml; path = "GameQ-StationaryTests-Info.plist"; sourceTree = "<group>"; };
		837423DB1818B25D000FCC76 /* en */ = {isa = PBXFileReference; lastKnownFileType = text.plist.strings; name = en; path = en.lproj/InfoPlist.strings; sourceTree = "<group>"; };
		837423DD1818B25D000FCC76 /* GameQ-StationaryTests.m */ = {isa = PBXFileReference; lastKnownFileType = sourcecode.c.objc; name = "GameQ-StationaryTests.m"; path = "../GameQ-StationaryTests/GameQ-StationaryTests.m"; sourceTree = "<group>"; };
		837423E71818B2CF000FCC76 /* libpcap.dylib */ = {isa = PBXFileReference; lastKnownFileType = "compiled.mach-o.dylib"; name = libpcap.dylib; path = usr/lib/libpcap.dylib; sourceTree = SDKROOT; };
		837423E91818B30E000FCC76 /* LVFpCap.h */ = {isa = PBXFileReference; fileEncoding = 4; lastKnownFileType = sourcecode.c.h; path = LVFpCap.h; sourceTree = "<group>"; };
		837423EA1818B30E000FCC76 /* NSString+MD5.h */ = {isa = PBXFileReference; fileEncoding = 4; lastKnownFileType = sourcecode.c.h; path = "NSString+MD5.h"; sourceTree = "<group>"; };
		837423EB1818B30E000FCC76 /* NSString+MD5.m */ = {isa = PBXFileReference; fileEncoding = 4; lastKnownFileType = sourcecode.c.objc; path = "NSString+MD5.m"; sourceTree = "<group>"; };
		837423EC1818B30E000FCC76 /* LVFConnections.h */ = {isa = PBXFileReference; fileEncoding = 4; lastKnownFileType = sourcecode.c.h; path = LVFConnections.h; sourceTree = "<group>"; };
		837423ED1818B30E000FCC76 /* LVFConnections.m */ = {isa = PBXFileReference; fileEncoding = 4; lastKnownFileType = sourcecode.c.objc; path = LVFConnections.m; sourceTree = "<group>"; };
		837423EE1818B30E000FCC76 /* LVFConnect.h */ = {isa = PBXFileReference; fileEncoding = 4; lastKnownFileType = sourcecode.c.h; path = LVFConnect.h; sourceTree = "<group>"; };
		837423EF1818B30E000FCC76 /* LVFConnect.m */ = {isa = PBXFileReference; fileEncoding = 4; lastKnownFileType = sourcecode.c.objc; path = LVFConnect.m; sourceTree = "<group>"; };
		837423F01818B30E000FCC76 /* LVFDataModel.h */ = {isa = PBXFileReference; fileEncoding = 4; lastKnownFileType = sourcecode.c.h; path = LVFDataModel.h; sourceTree = "<group>"; };
		837423F11818B30E000FCC76 /* LVFDataModel.m */ = {isa = PBXFileReference; fileEncoding = 4; lastKnownFileType = sourcecode.c.objc; path = LVFDataModel.m; sourceTree = "<group>"; };
		837423F21818B30E000FCC76 /* LVFDefinitions.h */ = {isa = PBXFileReference; fileEncoding = 4; lastKnownFileType = sourcecode.c.h; path = LVFDefinitions.h; sourceTree = "<group>"; };
		837423F31818B30E000FCC76 /* LVFDefinitions.m */ = {isa = PBXFileReference; fileEncoding = 4; lastKnownFileType = sourcecode.c.objc; path = LVFDefinitions.m; sourceTree = "<group>"; };
		83EF17871888D0DF00057F36 /* LVFBuffer.h */ = {isa = PBXFileReference; fileEncoding = 4; lastKnownFileType = sourcecode.c.h; path = LVFBuffer.h; sourceTree = "<group>"; };
		83EF17881888D0DF00057F36 /* LVFBuffer.m */ = {isa = PBXFileReference; fileEncoding = 4; lastKnownFileType = sourcecode.c.objc; path = LVFBuffer.m; sourceTree = "<group>"; };
		9CE227FF189B9961008C6DDB /* Qblack.png */ = {isa = PBXFileReference; lastKnownFileType = image.png; path = Qblack.png; sourceTree = "<group>"; };
		9CE22800189B9961008C6DDB /* Qwhite.png */ = {isa = PBXFileReference; lastKnownFileType = image.png; path = Qwhite.png; sourceTree = "<group>"; };
		9CE22803189B9BAC008C6DDB /* Qblue.png */ = {isa = PBXFileReference; lastKnownFileType = image.png; path = Qblue.png; sourceTree = "<group>"; };
		9CE22805189B9FEF008C6DDB /* LVFWindowHandler.h */ = {isa = PBXFileReference; fileEncoding = 4; lastKnownFileType = sourcecode.c.h; path = LVFWindowHandler.h; sourceTree = "<group>"; };
		9CE22806189B9FEF008C6DDB /* LVFWindowHandler.m */ = {isa = PBXFileReference; fileEncoding = 4; lastKnownFileType = sourcecode.c.objc; path = LVFWindowHandler.m; sourceTree = "<group>"; };
		9CE22808189BAAE4008C6DDB /* i6man.png */ = {isa = PBXFileReference; lastKnownFileType = image.png; path = i6man.png; sourceTree = "<group>"; };
		9CE22809189BAAE4008C6DDB /* i6woman.png */ = {isa = PBXFileReference; lastKnownFileType = image.png; path = i6woman.png; sourceTree = "<group>"; };
		9CE2280C189BB2E6008C6DDB /* i5man.png */ = {isa = PBXFileReference; lastKnownFileType = image.png; path = i5man.png; sourceTree = "<group>"; };
		9CE2280D189BB2E6008C6DDB /* i5woman.png */ = {isa = PBXFileReference; lastKnownFileType = image.png; path = i5woman.png; sourceTree = "<group>"; };
/* End PBXFileReference section */

/* Begin PBXFrameworksBuildPhase section */
		837423AA1818B25D000FCC76 /* Frameworks */ = {
			isa = PBXFrameworksBuildPhase;
			buildActionMask = 2147483647;
			files = (
				8311E3FE184927FA0011212C /* Security.framework in Frameworks */,
				837423E81818B2CF000FCC76 /* libpcap.dylib in Frameworks */,
				837423B11818B25D000FCC76 /* Cocoa.framework in Frameworks */,
			);
			runOnlyForDeploymentPostprocessing = 0;
		};
		837423CE1818B25D000FCC76 /* Frameworks */ = {
			isa = PBXFrameworksBuildPhase;
			buildActionMask = 2147483647;
			files = (
				837423D41818B25D000FCC76 /* Cocoa.framework in Frameworks */,
				837423D31818B25D000FCC76 /* XCTest.framework in Frameworks */,
			);
			runOnlyForDeploymentPostprocessing = 0;
		};
/* End PBXFrameworksBuildPhase section */

/* Begin PBXGroup section */
		8311E409184B7BB70011212C /* GameQ_Server_Code */ = {
			isa = PBXGroup;
			children = (
				8311E40A184B7BB70011212C /* ApnsPHP */,
				8311E41C184B7BB70011212C /* chkSecret copy.php */,
				8311E41D184B7BB70011212C /* connect.php */,
				8311E41E184B7BB70011212C /* getSecret.php */,
				8311E41F184B7BB70011212C /* log */,
				8311E420184B7BB70011212C /* logging.php */,
				8311E421184B7BB70011212C /* methods.php */,
				8311E422184B7BB70011212C /* push.php */,
				8311E423184B7BB70011212C /* regging.php */,
				8311E424184B7BB70011212C /* signing.php */,
				8311E425184B7BB70011212C /* softPush.php */,
				8311E426184B7BB70011212C /* updateDraw.php */,
				8311E427184B7BB70011212C /* updateMe.php */,
				8311E428184B7BB70011212C /* upMacToken.php */,
				8311E429184B7BB70011212C /* upToken.php */,
			);
			path = GameQ_Server_Code;
			sourceTree = "<group>";
		};
		8311E40A184B7BB70011212C /* ApnsPHP */ = {
			isa = PBXGroup;
			children = (
				8311E40B184B7BB70011212C /* Abstract.php */,
				8311E40C184B7BB70011212C /* Autoload.php */,
				8311E40D184B7BB70011212C /* Exception.php */,
				8311E40E184B7BB70011212C /* Feedback.php */,
				8311E40F184B7BB70011212C /* Log */,
				8311E412184B7BB70011212C /* Message */,
				8311E415184B7BB70011212C /* Message.php */,
				8311E416184B7BB70011212C /* Push */,
				8311E41B184B7BB70011212C /* Push.php */,
			);
			path = ApnsPHP;
			sourceTree = "<group>";
		};
		8311E40F184B7BB70011212C /* Log */ = {
			isa = PBXGroup;
			children = (
				8311E410184B7BB70011212C /* Embedded.php */,
				8311E411184B7BB70011212C /* Interface.php */,
			);
			path = Log;
			sourceTree = "<group>";
		};
		8311E412184B7BB70011212C /* Message */ = {
			isa = PBXGroup;
			children = (
				8311E413184B7BB70011212C /* Custom.php */,
				8311E414184B7BB70011212C /* Exception.php */,
			);
			path = Message;
			sourceTree = "<group>";
		};
		8311E416184B7BB70011212C /* Push */ = {
			isa = PBXGroup;
			children = (
				8311E417184B7BB70011212C /* Exception.php */,
				8311E418184B7BB70011212C /* Server */,
				8311E41A184B7BB70011212C /* Server.php */,
			);
			path = Push;
			sourceTree = "<group>";
		};
		8311E418184B7BB70011212C /* Server */ = {
			isa = PBXGroup;
			children = (
				8311E419184B7BB70011212C /* Exception.php */,
			);
			path = Server;
			sourceTree = "<group>";
		};
		8311E41F184B7BB70011212C /* log */ = {
			isa = PBXGroup;
			children = (
			);
			path = log;
			sourceTree = "<group>";
		};
		837423A41818B25D000FCC76 = {
			isa = PBXGroup;
			children = (
				837423B61818B25D000FCC76 /* GameQ-Stationary */,
				837423D71818B25D000FCC76 /* GameQ-StationaryTests */,
				837423AF1818B25D000FCC76 /* Frameworks */,
				837423AE1818B25D000FCC76 /* Products */,
			);
			sourceTree = "<group>";
		};
		837423AE1818B25D000FCC76 /* Products */ = {
			isa = PBXGroup;
			children = (
				837423AD1818B25D000FCC76 /* GameQ-Stationary.app */,
				837423D11818B25D000FCC76 /* GameQ-StationaryTests.xctest */,
			);
			name = Products;
			sourceTree = "<group>";
		};
		837423AF1818B25D000FCC76 /* Frameworks */ = {
			isa = PBXGroup;
			children = (
				8311E3FD184927FA0011212C /* Security.framework */,
				837423E71818B2CF000FCC76 /* libpcap.dylib */,
				837423B01818B25D000FCC76 /* Cocoa.framework */,
				837423D21818B25D000FCC76 /* XCTest.framework */,
				837423B21818B25D000FCC76 /* Other Frameworks */,
			);
			name = Frameworks;
			sourceTree = "<group>";
		};
		837423B21818B25D000FCC76 /* Other Frameworks */ = {
			isa = PBXGroup;
			children = (
				837423B31818B25D000FCC76 /* AppKit.framework */,
				837423B41818B25D000FCC76 /* CoreData.framework */,
				837423B51818B25D000FCC76 /* Foundation.framework */,
			);
			name = "Other Frameworks";
			sourceTree = "<group>";
		};
		837423B61818B25D000FCC76 /* GameQ-Stationary */ = {
			isa = PBXGroup;
			children = (
				837423C21818B25D000FCC76 /* LVFAppDelegate.h */,
				837423C31818B25D000FCC76 /* LVFAppDelegate.m */,
				9CE22805189B9FEF008C6DDB /* LVFWindowHandler.h */,
				9CE22806189B9FEF008C6DDB /* LVFWindowHandler.m */,
				83EF17871888D0DF00057F36 /* LVFBuffer.h */,
				83EF17881888D0DF00057F36 /* LVFBuffer.m */,
				837423C51818B25D000FCC76 /* MainMenu.xib */,
				837423E91818B30E000FCC76 /* LVFpCap.h */,
				837423EA1818B30E000FCC76 /* NSString+MD5.h */,
				837423EB1818B30E000FCC76 /* NSString+MD5.m */,
				837423EC1818B30E000FCC76 /* LVFConnections.h */,
				837423ED1818B30E000FCC76 /* LVFConnections.m */,
				837423EE1818B30E000FCC76 /* LVFConnect.h */,
				837423EF1818B30E000FCC76 /* LVFConnect.m */,
				837423F01818B30E000FCC76 /* LVFDataModel.h */,
				837423F11818B30E000FCC76 /* LVFDataModel.m */,
				837423F21818B30E000FCC76 /* LVFDefinitions.h */,
				837423F31818B30E000FCC76 /* LVFDefinitions.m */,
				8338311D18633840003E4493 /* SSKeychain.h */,
				8338311E18633840003E4493 /* SSKeychain.m */,
				8311E3F41848F4E20011212C /* LVFKeyChain.h */,
				8311E3F51848F4E20011212C /* LVFKeyChain.m */,
				837423CB1818B25D000FCC76 /* Images.xcassets */,
				837423C81818B25D000FCC76 /* GameQ-Stationary.xcdatamodeld */,
				837423B71818B25D000FCC76 /* Supporting Files */,
			);
			path = "GameQ-Stationary";
			sourceTree = "<group>";
		};
		837423B71818B25D000FCC76 /* Supporting Files */ = {
			isa = PBXGroup;
			children = (
				837423B81818B25D000FCC76 /* GameQ-Stationary-Info.plist */,
				9CE227FF189B9961008C6DDB /* Qblack.png */,
				9CE22803189B9BAC008C6DDB /* Qblue.png */,
				9CE22800189B9961008C6DDB /* Qwhite.png */,
				9CE2280C189BB2E6008C6DDB /* i5man.png */,
				9CE2280D189BB2E6008C6DDB /* i5woman.png */,
				9CE22808189BAAE4008C6DDB /* i6man.png */,
				9CE22809189BAAE4008C6DDB /* i6woman.png */,
				837423B91818B25D000FCC76 /* InfoPlist.strings */,
				837423BC1818B25D000FCC76 /* main.m */,
				837423BE1818B25D000FCC76 /* GameQ-Stationary-Prefix.pch */,
				837423BF1818B25D000FCC76 /* Credits.rtf */,
			);
			name = "Supporting Files";
			sourceTree = "<group>";
		};
		837423D71818B25D000FCC76 /* GameQ-StationaryTests */ = {
			isa = PBXGroup;
			children = (
				837423DD1818B25D000FCC76 /* GameQ-StationaryTests.m */,
				837423D81818B25D000FCC76 /* Supporting Files */,
			);
			path = "GameQ-StationaryTests";
			sourceTree = "<group>";
		};
		837423D81818B25D000FCC76 /* Supporting Files */ = {
			isa = PBXGroup;
			children = (
				8311E409184B7BB70011212C /* GameQ_Server_Code */,
				837423D91818B25D000FCC76 /* GameQ-StationaryTests-Info.plist */,
				837423DA1818B25D000FCC76 /* InfoPlist.strings */,
			);
			name = "Supporting Files";
			sourceTree = "<group>";
		};
/* End PBXGroup section */

/* Begin PBXNativeTarget section */
		837423AC1818B25D000FCC76 /* GameQ-Stationary */ = {
			isa = PBXNativeTarget;
			buildConfigurationList = 837423E11818B25D000FCC76 /* Build configuration list for PBXNativeTarget "GameQ-Stationary" */;
			buildPhases = (
				837423A91818B25D000FCC76 /* Sources */,
				837423AA1818B25D000FCC76 /* Frameworks */,
				837423AB1818B25D000FCC76 /* Resources */,
			);
			buildRules = (
			);
			dependencies = (
			);
			name = "GameQ-Stationary";
			productName = testtest;
			productReference = 837423AD1818B25D000FCC76 /* GameQ-Stationary.app */;
			productType = "com.apple.product-type.application";
		};
		837423D01818B25D000FCC76 /* GameQ-StationaryTests */ = {
			isa = PBXNativeTarget;
			buildConfigurationList = 837423E41818B25D000FCC76 /* Build configuration list for PBXNativeTarget "GameQ-StationaryTests" */;
			buildPhases = (
				837423CD1818B25D000FCC76 /* Sources */,
				837423CE1818B25D000FCC76 /* Frameworks */,
				837423CF1818B25D000FCC76 /* Resources */,
			);
			buildRules = (
			);
			dependencies = (
				837423D61818B25D000FCC76 /* PBXTargetDependency */,
			);
			name = "GameQ-StationaryTests";
			productName = testtestTests;
			productReference = 837423D11818B25D000FCC76 /* GameQ-StationaryTests.xctest */;
			productType = "com.apple.product-type.bundle.unit-test";
		};
/* End PBXNativeTarget section */

/* Begin PBXProject section */
		837423A51818B25D000FCC76 /* Project object */ = {
			isa = PBXProject;
			attributes = {
				CLASSPREFIX = LVF;
				LastUpgradeCheck = 0500;
				ORGANIZATIONNAME = "Ludvig Fröberg";
				TargetAttributes = {
					837423D01818B25D000FCC76 = {
						TestTargetID = 837423AC1818B25D000FCC76;
					};
				};
			};
			buildConfigurationList = 837423A81818B25D000FCC76 /* Build configuration list for PBXProject "GameQ-Stationary" */;
			compatibilityVersion = "Xcode 3.2";
			developmentRegion = English;
			hasScannedForEncodings = 0;
			knownRegions = (
				en,
				Base,
			);
			mainGroup = 837423A41818B25D000FCC76;
			productRefGroup = 837423AE1818B25D000FCC76 /* Products */;
			projectDirPath = "";
			projectRoot = "";
			targets = (
				837423AC1818B25D000FCC76 /* GameQ-Stationary */,
				837423D01818B25D000FCC76 /* GameQ-StationaryTests */,
			);
		};
/* End PBXProject section */

/* Begin PBXResourcesBuildPhase section */
		837423AB1818B25D000FCC76 /* Resources */ = {
			isa = PBXResourcesBuildPhase;
			buildActionMask = 2147483647;
			files = (
				837423BB1818B25D000FCC76 /* InfoPlist.strings in Resources */,
				9CE2280F189BB2E6008C6DDB /* i5woman.png in Resources */,
				9CE2280B189BAAE4008C6DDB /* i6woman.png in Resources */,
				9CE22802189B9961008C6DDB /* Qwhite.png in Resources */,
				837423CC1818B25D000FCC76 /* Images.xcassets in Resources */,
				9CE22801189B9961008C6DDB /* Qblack.png in Resources */,
				837423C11818B25D000FCC76 /* Credits.rtf in Resources */,
				837423C71818B25D000FCC76 /* MainMenu.xib in Resources */,
				9CE22804189B9BAC008C6DDB /* Qblue.png in Resources */,
				9CE2280E189BB2E6008C6DDB /* i5man.png in Resources */,
				9CE2280A189BAAE4008C6DDB /* i6man.png in Resources */,
			);
			runOnlyForDeploymentPostprocessing = 0;
		};
		837423CF1818B25D000FCC76 /* Resources */ = {
			isa = PBXResourcesBuildPhase;
			buildActionMask = 2147483647;
			files = (
				8311E42B184B7BB70011212C /* Autoload.php in Resources */,
				8311E439184B7BB70011212C /* getSecret.php in Resources */,
				8311E437184B7BB70011212C /* chkSecret copy.php in Resources */,
				8311E433184B7BB70011212C /* Exception.php in Resources */,
				8311E42F184B7BB70011212C /* Interface.php in Resources */,
				8311E440184B7BB70011212C /* updateDraw.php in Resources */,
				8311E42A184B7BB70011212C /* Abstract.php in Resources */,
				8311E43B184B7BB70011212C /* methods.php in Resources */,
				8311E430184B7BB70011212C /* Custom.php in Resources */,
				8311E43E184B7BB70011212C /* signing.php in Resources */,
				8311E431184B7BB70011212C /* Exception.php in Resources */,
				8311E436184B7BB70011212C /* Push.php in Resources */,
				8311E43C184B7BB70011212C /* push.php in Resources */,
				8311E42E184B7BB70011212C /* Embedded.php in Resources */,
				8311E42D184B7BB70011212C /* Feedback.php in Resources */,
				8311E442184B7BB70011212C /* upMacToken.php in Resources */,
				8311E441184B7BB70011212C /* updateMe.php in Resources */,
				8311E42C184B7BB70011212C /* Exception.php in Resources */,
				8311E438184B7BB70011212C /* connect.php in Resources */,
				8311E443184B7BB70011212C /* upToken.php in Resources */,
				8311E432184B7BB70011212C /* Message.php in Resources */,
				8311E434184B7BB70011212C /* Exception.php in Resources */,
				8311E43D184B7BB70011212C /* regging.php in Resources */,
				8311E43F184B7BB70011212C /* softPush.php in Resources */,
				837423DC1818B25D000FCC76 /* InfoPlist.strings in Resources */,
				8311E43A184B7BB70011212C /* logging.php in Resources */,
				8311E435184B7BB70011212C /* Server.php in Resources */,
			);
			runOnlyForDeploymentPostprocessing = 0;
		};
/* End PBXResourcesBuildPhase section */

/* Begin PBXSourcesBuildPhase section */
		837423A91818B25D000FCC76 /* Sources */ = {
			isa = PBXSourcesBuildPhase;
			buildActionMask = 2147483647;
			files = (
				837423CA1818B25D000FCC76 /* GameQ-Stationary.xcdatamodeld in Sources */,
				837423F61818B30E000FCC76 /* LVFConnect.m in Sources */,
				83EF17891888D0DF00057F36 /* LVFBuffer.m in Sources */,
				8311E3F61848F4E20011212C /* LVFKeyChain.m in Sources */,
				837423BD1818B25D000FCC76 /* main.m in Sources */,
				837423F41818B30E000FCC76 /* NSString+MD5.m in Sources */,
				837423F71818B30E000FCC76 /* LVFDataModel.m in Sources */,
				837423F51818B30E000FCC76 /* LVFConnections.m in Sources */,
				837423C41818B25D000FCC76 /* LVFAppDelegate.m in Sources */,
				837423F81818B30E000FCC76 /* LVFDefinitions.m in Sources */,
				8338311F18633840003E4493 /* SSKeychain.m in Sources */,
				9CE22807189B9FEF008C6DDB /* LVFWindowHandler.m in Sources */,
			);
			runOnlyForDeploymentPostprocessing = 0;
		};
		837423CD1818B25D000FCC76 /* Sources */ = {
			isa = PBXSourcesBuildPhase;
			buildActionMask = 2147483647;
			files = (
				837423DE1818B25D000FCC76 /* GameQ-StationaryTests.m in Sources */,
			);
			runOnlyForDeploymentPostprocessing = 0;
		};
/* End PBXSourcesBuildPhase section */

/* Begin PBXTargetDependency section */
		837423D61818B25D000FCC76 /* PBXTargetDependency */ = {
			isa = PBXTargetDependency;
			target = 837423AC1818B25D000FCC76 /* GameQ-Stationary */;
			targetProxy = 837423D51818B25D000FCC76 /* PBXContainerItemProxy */;
		};
/* End PBXTargetDependency section */

/* Begin PBXVariantGroup section */
		837423B91818B25D000FCC76 /* InfoPlist.strings */ = {
			isa = PBXVariantGroup;
			children = (
				837423BA1818B25D000FCC76 /* en */,
			);
			name = InfoPlist.strings;
			sourceTree = "<group>";
		};
		837423BF1818B25D000FCC76 /* Credits.rtf */ = {
			isa = PBXVariantGroup;
			children = (
				837423C01818B25D000FCC76 /* en */,
			);
			name = Credits.rtf;
			sourceTree = "<group>";
		};
		837423C51818B25D000FCC76 /* MainMenu.xib */ = {
			isa = PBXVariantGroup;
			children = (
				837423C61818B25D000FCC76 /* Base */,
			);
			name = MainMenu.xib;
			sourceTree = "<group>";
		};
		837423DA1818B25D000FCC76 /* InfoPlist.strings */ = {
			isa = PBXVariantGroup;
			children = (
				837423DB1818B25D000FCC76 /* en */,
			);
			name = InfoPlist.strings;
			sourceTree = "<group>";
		};
/* End PBXVariantGroup section */

/* Begin XCBuildConfiguration section */
		837423DF1818B25D000FCC76 /* Debug */ = {
			isa = XCBuildConfiguration;
			buildSettings = {
				ALWAYS_SEARCH_USER_PATHS = NO;
				CLANG_CXX_LANGUAGE_STANDARD = "gnu++0x";
				CLANG_CXX_LIBRARY = "libc++";
				CLANG_ENABLE_OBJC_ARC = YES;
				CLANG_WARN_BOOL_CONVERSION = YES;
				CLANG_WARN_CONSTANT_CONVERSION = YES;
				CLANG_WARN_DIRECT_OBJC_ISA_USAGE = YES_ERROR;
				CLANG_WARN_EMPTY_BODY = YES;
				CLANG_WARN_ENUM_CONVERSION = YES;
				CLANG_WARN_INT_CONVERSION = YES;
				CLANG_WARN_OBJC_ROOT_CLASS = YES_ERROR;
				CLANG_WARN__DUPLICATE_METHOD_MATCH = YES;
				COPY_PHASE_STRIP = NO;
				GCC_C_LANGUAGE_STANDARD = gnu99;
				GCC_DYNAMIC_NO_PIC = NO;
				GCC_ENABLE_OBJC_EXCEPTIONS = YES;
				GCC_OPTIMIZATION_LEVEL = 0;
				GCC_PREPROCESSOR_DEFINITIONS = (
					"DEBUG=1",
					"$(inherited)",
				);
				GCC_SYMBOLS_PRIVATE_EXTERN = NO;
				GCC_WARN_64_TO_32_BIT_CONVERSION = YES;
				GCC_WARN_ABOUT_RETURN_TYPE = YES_ERROR;
				GCC_WARN_UNDECLARED_SELECTOR = YES;
				GCC_WARN_UNINITIALIZED_AUTOS = YES;
				GCC_WARN_UNUSED_FUNCTION = YES;
				GCC_WARN_UNUSED_VARIABLE = YES;
				MACOSX_DEPLOYMENT_TARGET = 10.8;
				ONLY_ACTIVE_ARCH = YES;
				SDKROOT = macosx;
				STRIP_INSTALLED_PRODUCT = YES;
			};
			name = Debug;
		};
		837423E01818B25D000FCC76 /* Release */ = {
			isa = XCBuildConfiguration;
			buildSettings = {
				ALWAYS_SEARCH_USER_PATHS = NO;
				CLANG_CXX_LANGUAGE_STANDARD = "gnu++0x";
				CLANG_CXX_LIBRARY = "libc++";
				CLANG_ENABLE_OBJC_ARC = YES;
				CLANG_WARN_BOOL_CONVERSION = YES;
				CLANG_WARN_CONSTANT_CONVERSION = YES;
				CLANG_WARN_DIRECT_OBJC_ISA_USAGE = YES_ERROR;
				CLANG_WARN_EMPTY_BODY = YES;
				CLANG_WARN_ENUM_CONVERSION = YES;
				CLANG_WARN_INT_CONVERSION = YES;
				CLANG_WARN_OBJC_ROOT_CLASS = YES_ERROR;
				CLANG_WARN__DUPLICATE_METHOD_MATCH = YES;
				COPY_PHASE_STRIP = YES;
				DEBUG_INFORMATION_FORMAT = "dwarf-with-dsym";
				ENABLE_NS_ASSERTIONS = NO;
				GCC_C_LANGUAGE_STANDARD = gnu99;
				GCC_ENABLE_OBJC_EXCEPTIONS = YES;
				GCC_WARN_64_TO_32_BIT_CONVERSION = YES;
				GCC_WARN_ABOUT_RETURN_TYPE = YES_ERROR;
				GCC_WARN_UNDECLARED_SELECTOR = YES;
				GCC_WARN_UNINITIALIZED_AUTOS = YES;
				GCC_WARN_UNUSED_FUNCTION = YES;
				GCC_WARN_UNUSED_VARIABLE = YES;
				MACOSX_DEPLOYMENT_TARGET = 10.8;
				SDKROOT = macosx;
				STRIP_INSTALLED_PRODUCT = YES;
			};
			name = Release;
		};
		837423E21818B25D000FCC76 /* Debug */ = {
			isa = XCBuildConfiguration;
			buildSettings = {
				ASSETCATALOG_COMPILER_APPICON_NAME = AppIcon;
				COMBINE_HIDPI_IMAGES = YES;
				GCC_PRECOMPILE_PREFIX_HEADER = YES;
				GCC_PREFIX_HEADER = "GameQ-Stationary/GameQ-Stationary-Prefix.pch";
				GCC_WARN_UNUSED_FUNCTION = NO;
				INFOPLIST_FILE = "GameQ-Stationary/GameQ-Stationary-Info.plist";
				PRODUCT_NAME = "GameQ-Stationary";
				WRAPPER_EXTENSION = app;
			};
			name = Debug;
		};
		837423E31818B25D000FCC76 /* Release */ = {
			isa = XCBuildConfiguration;
			buildSettings = {
				ASSETCATALOG_COMPILER_APPICON_NAME = AppIcon;
				COMBINE_HIDPI_IMAGES = YES;
				GCC_PRECOMPILE_PREFIX_HEADER = YES;
				GCC_PREFIX_HEADER = "GameQ-Stationary/GameQ-Stationary-Prefix.pch";
				GCC_WARN_UNUSED_FUNCTION = NO;
				INFOPLIST_FILE = "GameQ-Stationary/GameQ-Stationary-Info.plist";
				PRODUCT_NAME = "GameQ-Stationary";
				WRAPPER_EXTENSION = app;
			};
			name = Release;
		};
		837423E51818B25D000FCC76 /* Debug */ = {
			isa = XCBuildConfiguration;
			buildSettings = {
				BUNDLE_LOADER = "$(BUILT_PRODUCTS_DIR)/testtest.app/Contents/MacOS/testtest";
				COMBINE_HIDPI_IMAGES = YES;
				FRAMEWORK_SEARCH_PATHS = (
					"$(DEVELOPER_FRAMEWORKS_DIR)",
					"$(inherited)",
				);
				GCC_PRECOMPILE_PREFIX_HEADER = YES;
				GCC_PREFIX_HEADER = "testtest/testtest-Prefix.pch";
				GCC_PREPROCESSOR_DEFINITIONS = (
					"DEBUG=1",
					"$(inherited)",
				);
				INFOPLIST_FILE = "testtestTests/GameQ-StationaryTests-Info.plist";
				PRODUCT_NAME = "GameQ-StationaryTests";
				TEST_HOST = "$(BUNDLE_LOADER)";
				WRAPPER_EXTENSION = xctest;
			};
			name = Debug;
		};
		837423E61818B25D000FCC76 /* Release */ = {
			isa = XCBuildConfiguration;
			buildSettings = {
				BUNDLE_LOADER = "$(BUILT_PRODUCTS_DIR)/testtest.app/Contents/MacOS/testtest";
				COMBINE_HIDPI_IMAGES = YES;
				FRAMEWORK_SEARCH_PATHS = (
					"$(DEVELOPER_FRAMEWORKS_DIR)",
					"$(inherited)",
				);
				GCC_PRECOMPILE_PREFIX_HEADER = YES;
				GCC_PREFIX_HEADER = "testtest/testtest-Prefix.pch";
				INFOPLIST_FILE = "testtestTests/GameQ-StationaryTests-Info.plist";
				PRODUCT_NAME = "GameQ-StationaryTests";
				TEST_HOST = "$(BUNDLE_LOADER)";
				WRAPPER_EXTENSION = xctest;
			};
			name = Release;
		};
/* End XCBuildConfiguration section */

/* Begin XCConfigurationList section */
		837423A81818B25D000FCC76 /* Build configuration list for PBXProject "GameQ-Stationary" */ = {
			isa = XCConfigurationList;
			buildConfigurations = (
				837423DF1818B25D000FCC76 /* Debug */,
				837423E01818B25D000FCC76 /* Release */,
			);
			defaultConfigurationIsVisible = 0;
			defaultConfigurationName = Release;
		};
		837423E11818B25D000FCC76 /* Build configuration list for PBXNativeTarget "GameQ-Stationary" */ = {
			isa = XCConfigurationList;
			buildConfigurations = (
				837423E21818B25D000FCC76 /* Debug */,
				837423E31818B25D000FCC76 /* Release */,
			);
			defaultConfigurationIsVisible = 0;
			defaultConfigurationName = Release;
		};
		837423E41818B25D000FCC76 /* Build configuration list for PBXNativeTarget "GameQ-StationaryTests" */ = {
			isa = XCConfigurationList;
			buildConfigurations = (
				837423E51818B25D000FCC76 /* Debug */,
				837423E61818B25D000FCC76 /* Release */,
			);
			defaultConfigurationIsVisible = 0;
			defaultConfigurationName = Release;
		};
/* End XCConfigurationList section */

/* Begin XCVersionGroup section */
		837423C81818B25D000FCC76 /* GameQ-Stationary.xcdatamodeld */ = {
			isa = XCVersionGroup;
			children = (
				837423C91818B25D000FCC76 /* GameQ-Stationary.xcdatamodel */,
			);
			currentVersion = 837423C91818B25D000FCC76 /* GameQ-Stationary.xcdatamodel */;
			path = "GameQ-Stationary.xcdatamodeld";
			sourceTree = "<group>";
			versionGroupType = wrapper.xcdatamodel;
		};
/* End XCVersionGroup section */
	};
	rootObject = 837423A51818B25D000FCC76 /* Project object */;
}
